PODS:
  - Alamofire (5.6.2)
  - IQKeyboardManagerSwift (6.5.10)
  - Kingfisher (6.3.1)
  - SkeletonView (1.30.2)
  - SnapKit (5.6.0)
  - SVProgressHUD (2.2.5)
  - SwiftyJSON (5.0.1)
  - YoutubePlayerView (1.2.1)

DEPENDENCIES:
  - Alamofire
  - IQKeyboardManagerSwift
  - Kingfisher (= 6.3.1)
  - SkeletonView
  - SnapKit
  - SVProgressHUD
  - SwiftyJSON
  - YoutubePlayerView

SPEC REPOS:
  trunk:
    - Alamofire
    - IQKeyboardManagerSwift
    - Kingfisher
    - SkeletonView
    - SnapKit
    - SVProgressHUD
    - SwiftyJSON
    - YoutubePlayerView

SPEC CHECKSUMS:
  Alamofire: d368e1ff8a298e6dde360e35a3e68e6c610e7204
  IQKeyboardManagerSwift: 52962c76ab33532f15ad9f3ff4e5715eda5335bb
  Kingfisher: 016c8b653a35add51dd34a3aba36b580041acc74
  SkeletonView: 2a4536db5ded1b422459a73e05e08b20c6b3a69b
  SnapKit: e01d52ebb8ddbc333eefe2132acf85c8227d9c25
  SVProgressHUD: 1428aafac632c1f86f62aa4243ec12008d7a51d6
  SwiftyJSON: 2f33a42c6fbc52764d96f13368585094bfd8aa5e
  YoutubePlayerView: 3870fc10f2db3f54156697757f44d304203bdc7e

PODFILE CHECKSUM: 4833a03ac393e1310a77089f74f835f93de38e33

COCOAPODS: 1.12.1
