// !$*UTF8*$!
{
	archiveVersion = 1;
	classes = {
	};
	objectVersion = 56;
	objects = {

/* Begin PBXBuildFile section */
		041CF87C2B8CB33F003D2A58 /* AppDelegate.swift in Sources */ = {isa = PBXBuildFile; fileRef = 041CF87B2B8CB33F003D2A58 /* AppDelegate.swift */; };
		041CF87E2B8CB33F003D2A58 /* SceneDelegate.swift in Sources */ = {isa = PBXBuildFile; fileRef = 041CF87D2B8CB33F003D2A58 /* SceneDelegate.swift */; };
		041CF8802B8CB33F003D2A58 /* CarouselViewController.swift in Sources */ = {isa = PBXBuildFile; fileRef = 041CF87F2B8CB33F003D2A58 /* CarouselViewController.swift */; };
		041CF8852B8CB340003D2A58 /* Assets.xcassets in Resources */ = {isa = PBXBuildFile; fileRef = 041CF8842B8CB340003D2A58 /* Assets.xcassets */; };
		041CF8882B8CB340003D2A58 /* LaunchScreen.storyboard in Resources */ = {isa = PBXBuildFile; fileRef = 041CF8862B8CB340003D2A58 /* LaunchScreen.storyboard */; };
		4E36E06A940AEF4DED4D5885 /* Pods_ozinshe_demo_sanzhar.framework in Frameworks */ = {isa = PBXBuildFile; fileRef = D8010A3BEE7B59114DA5A385 /* Pods_ozinshe_demo_sanzhar.framework */; };
/* End PBXBuildFile section */

/* Begin PBXFileReference section */
		041CF8782B8CB33F003D2A58 /* ozinshe-demo-sanzhar.app */ = {isa = PBXFileReference; explicitFileType = wrapper.application; includeInIndex = 0; path = "ozinshe-demo-sanzhar.app"; sourceTree = BUILT_PRODUCTS_DIR; };
		041CF87B2B8CB33F003D2A58 /* AppDelegate.swift */ = {isa = PBXFileReference; lastKnownFileType = sourcecode.swift; path = AppDelegate.swift; sourceTree = "<group>"; };
		041CF87D2B8CB33F003D2A58 /* SceneDelegate.swift */ = {isa = PBXFileReference; lastKnownFileType = sourcecode.swift; path = SceneDelegate.swift; sourceTree = "<group>"; };
		041CF87F2B8CB33F003D2A58 /* CarouselViewController.swift */ = {isa = PBXFileReference; lastKnownFileType = sourcecode.swift; path = CarouselViewController.swift; sourceTree = "<group>"; };
		041CF8842B8CB340003D2A58 /* Assets.xcassets */ = {isa = PBXFileReference; lastKnownFileType = folder.assetcatalog; path = Assets.xcassets; sourceTree = "<group>"; };
		041CF8872B8CB340003D2A58 /* Base */ = {isa = PBXFileReference; lastKnownFileType = file.storyboard; name = Base; path = Base.lproj/LaunchScreen.storyboard; sourceTree = "<group>"; };
		041CF8892B8CB340003D2A58 /* Info.plist */ = {isa = PBXFileReference; lastKnownFileType = text.plist.xml; path = Info.plist; sourceTree = "<group>"; };
		9EAAE6065F463FB9FAE00738 /* Pods-ozinshe-demo-sanzhar.debug.xcconfig */ = {isa = PBXFileReference; includeInIndex = 1; lastKnownFileType = text.xcconfig; name = "Pods-ozinshe-demo-sanzhar.debug.xcconfig"; path = "Target Support Files/Pods-ozinshe-demo-sanzhar/Pods-ozinshe-demo-sanzhar.debug.xcconfig"; sourceTree = "<group>"; };
		B96DE1D9B39017AC4B9D0DC9 /* Pods-ozinshe-demo-sanzhar.release.xcconfig */ = {isa = PBXFileReference; includeInIndex = 1; lastKnownFileType = text.xcconfig; name = "Pods-ozinshe-demo-sanzhar.release.xcconfig"; path = "Target Support Files/Pods-ozinshe-demo-sanzhar/Pods-ozinshe-demo-sanzhar.release.xcconfig"; sourceTree = "<group>"; };
		D8010A3BEE7B59114DA5A385 /* Pods_ozinshe_demo_sanzhar.framework */ = {isa = PBXFileReference; explicitFileType = wrapper.framework; includeInIndex = 0; path = Pods_ozinshe_demo_sanzhar.framework; sourceTree = BUILT_PRODUCTS_DIR; };
/* End PBXFileReference section */

/* Begin PBXFrameworksBuildPhase section */
		041CF8752B8CB33F003D2A58 /* Frameworks */ = {
			isa = PBXFrameworksBuildPhase;
			buildActionMask = 2147483647;
			files = (
				4E36E06A940AEF4DED4D5885 /* Pods_ozinshe_demo_sanzhar.framework in Frameworks */,
			);
			runOnlyForDeploymentPostprocessing = 0;
		};
/* End PBXFrameworksBuildPhase section */

/* Begin PBXGroup section */
		041CF86F2B8CB33F003D2A58 = {
			isa = PBXGroup;
			children = (
				041CF87A2B8CB33F003D2A58 /* ozinshe-demo-sanzhar */,
				041CF8792B8CB33F003D2A58 /* Products */,
				F7C42A24DE7DDB949213309F /* Pods */,
				5FC9CEC952E7F0CF13D08A22 /* Frameworks */,
			);
			sourceTree = "<group>";
		};
		041CF8792B8CB33F003D2A58 /* Products */ = {
			isa = PBXGroup;
			children = (
				041CF8782B8CB33F003D2A58 /* ozinshe-demo-sanzhar.app */,
			);
			name = Products;
			sourceTree = "<group>";
		};
		041CF87A2B8CB33F003D2A58 /* ozinshe-demo-sanzhar */ = {
			isa = PBXGroup;
			children = (
				041CF88F2B8CB465003D2A58 /* SignInViewControllers */,
				041CF87B2B8CB33F003D2A58 /* AppDelegate.swift */,
				041CF87D2B8CB33F003D2A58 /* SceneDelegate.swift */,
				041CF8842B8CB340003D2A58 /* Assets.xcassets */,
				041CF8862B8CB340003D2A58 /* LaunchScreen.storyboard */,
				041CF8892B8CB340003D2A58 /* Info.plist */,
			);
			path = "ozinshe-demo-sanzhar";
			sourceTree = "<group>";
		};
		041CF88F2B8CB465003D2A58 /* SignInViewControllers */ = {
			isa = PBXGroup;
			children = (
				041CF87F2B8CB33F003D2A58 /* CarouselViewController.swift */,
			);
			path = SignInViewControllers;
			sourceTree = "<group>";
		};
		5FC9CEC952E7F0CF13D08A22 /* Frameworks */ = {
			isa = PBXGroup;
			children = (
				D8010A3BEE7B59114DA5A385 /* Pods_ozinshe_demo_sanzhar.framework */,
			);
			name = Frameworks;
			sourceTree = "<group>";
		};
		F7C42A24DE7DDB949213309F /* Pods */ = {
			isa = PBXGroup;
			children = (
				9EAAE6065F463FB9FAE00738 /* Pods-ozinshe-demo-sanzhar.debug.xcconfig */,
				B96DE1D9B39017AC4B9D0DC9 /* Pods-ozinshe-demo-sanzhar.release.xcconfig */,
			);
			name = Pods;
			path = Pods;
			sourceTree = "<group>";
		};
/* End PBXGroup section */

/* Begin PBXNativeTarget section */
		041CF8772B8CB33F003D2A58 /* ozinshe-demo-sanzhar */ = {
			isa = PBXNativeTarget;
			buildConfigurationList = 041CF88C2B8CB340003D2A58 /* Build configuration list for PBXNativeTarget "ozinshe-demo-sanzhar" */;
			buildPhases = (
				AFA7659EF2E43E0CC75AC1A4 /* [CP] Check Pods Manifest.lock */,
				041CF8742B8CB33F003D2A58 /* Sources */,
				041CF8752B8CB33F003D2A58 /* Frameworks */,
				041CF8762B8CB33F003D2A58 /* Resources */,
				3533118502E113FD9CB79373 /* [CP] Embed Pods Frameworks */,
			);
			buildRules = (
			);
			dependencies = (
			);
			name = "ozinshe-demo-sanzhar";
			productName = "ozinshe-demo-sanzhar";
			productReference = 041CF8782B8CB33F003D2A58 /* ozinshe-demo-sanzhar.app */;
			productType = "com.apple.product-type.application";
		};
/* End PBXNativeTarget section */

/* Begin PBXProject section */
		041CF8702B8CB33F003D2A58 /* Project object */ = {
			isa = PBXProject;
			attributes = {
				BuildIndependentTargetsInParallel = 1;
				LastSwiftUpdateCheck = 1520;
				LastUpgradeCheck = 1520;
				TargetAttributes = {
					041CF8772B8CB33F003D2A58 = {
						CreatedOnToolsVersion = 15.2;
					};
				};
			};
			buildConfigurationList = 041CF8732B8CB33F003D2A58 /* Build configuration list for PBXProject "ozinshe-demo-sanzhar" */;
			compatibilityVersion = "Xcode 14.0";
			developmentRegion = en;
			hasScannedForEncodings = 0;
			knownRegions = (
				en,
				Base,
			);
			mainGroup = 041CF86F2B8CB33F003D2A58;
			productRefGroup = 041CF8792B8CB33F003D2A58 /* Products */;
			projectDirPath = "";
			projectRoot = "";
			targets = (
				041CF8772B8CB33F003D2A58 /* ozinshe-demo-sanzhar */,
			);
		};
/* End PBXProject section */

/* Begin PBXResourcesBuildPhase section */
		041CF8762B8CB33F003D2A58 /* Resources */ = {
			isa = PBXResourcesBuildPhase;
			buildActionMask = 2147483647;
			files = (
				041CF8882B8CB340003D2A58 /* LaunchScreen.storyboard in Resources */,
				041CF8852B8CB340003D2A58 /* Assets.xcassets in Resources */,
			);
			runOnlyForDeploymentPostprocessing = 0;
		};
/* End PBXResourcesBuildPhase section */

/* Begin PBXShellScriptBuildPhase section */
		3533118502E113FD9CB79373 /* [CP] Embed Pods Frameworks */ = {
			isa = PBXShellScriptBuildPhase;
			buildActionMask = 2147483647;
			files = (
			);
			inputFileListPaths = (
				"${PODS_ROOT}/Target Support Files/Pods-ozinshe-demo-sanzhar/Pods-ozinshe-demo-sanzhar-frameworks-${CONFIGURATION}-input-files.xcfilelist",
			);
			name = "[CP] Embed Pods Frameworks";
			outputFileListPaths = (
				"${PODS_ROOT}/Target Support Files/Pods-ozinshe-demo-sanzhar/Pods-ozinshe-demo-sanzhar-frameworks-${CONFIGURATION}-output-files.xcfilelist",
			);
			runOnlyForDeploymentPostprocessing = 0;
			shellPath = /bin/sh;
			shellScript = "\"${PODS_ROOT}/Target Support Files/Pods-ozinshe-demo-sanzhar/Pods-ozinshe-demo-sanzhar-frameworks.sh\"\n";
			showEnvVarsInLog = 0;
		};
		AFA7659EF2E43E0CC75AC1A4 /* [CP] Check Pods Manifest.lock */ = {
			isa = PBXShellScriptBuildPhase;
			buildActionMask = 2147483647;
			files = (
			);
			inputFileListPaths = (
			);
			inputPaths = (
				"${PODS_PODFILE_DIR_PATH}/Podfile.lock",
				"${PODS_ROOT}/Manifest.lock",
			);
			name = "[CP] Check Pods Manifest.lock";
			outputFileListPaths = (
			);
			outputPaths = (
				"$(DERIVED_FILE_DIR)/Pods-ozinshe-demo-sanzhar-checkManifestLockResult.txt",
			);
			runOnlyForDeploymentPostprocessing = 0;
			shellPath = /bin/sh;
			shellScript = "diff \"${PODS_PODFILE_DIR_PATH}/Podfile.lock\" \"${PODS_ROOT}/Manifest.lock\" > /dev/null\nif [ $? != 0 ] ; then\n    # print error to STDERR\n    echo \"error: The sandbox is not in sync with the Podfile.lock. Run 'pod install' or update your CocoaPods installation.\" >&2\n    exit 1\nfi\n# This output is used by Xcode 'outputs' to avoid re-running this script phase.\necho \"SUCCESS\" > \"${SCRIPT_OUTPUT_FILE_0}\"\n";
			showEnvVarsInLog = 0;
		};
/* End PBXShellScriptBuildPhase section */

/* Begin PBXSourcesBuildPhase section */
		041CF8742B8CB33F003D2A58 /* Sources */ = {
			isa = PBXSourcesBuildPhase;
			buildActionMask = 2147483647;
			files = (
				041CF8802B8CB33F003D2A58 /* CarouselViewController.swift in Sources */,
				041CF87C2B8CB33F003D2A58 /* AppDelegate.swift in Sources */,
				041CF87E2B8CB33F003D2A58 /* SceneDelegate.swift in Sources */,
			);
			runOnlyForDeploymentPostprocessing = 0;
		};
/* End PBXSourcesBuildPhase section */

/* Begin PBXVariantGroup section */
		041CF8862B8CB340003D2A58 /* LaunchScreen.storyboard */ = {
			isa = PBXVariantGroup;
			children = (
				041CF8872B8CB340003D2A58 /* Base */,
			);
			name = LaunchScreen.storyboard;
			sourceTree = "<group>";
		};
/* End PBXVariantGroup section */

/* Begin XCBuildConfiguration section */
		041CF88A2B8CB340003D2A58 /* Debug */ = {
			isa = XCBuildConfiguration;
			buildSettings = {
				ALWAYS_SEARCH_USER_PATHS = NO;
				ASSETCATALOG_COMPILER_GENERATE_SWIFT_ASSET_SYMBOL_EXTENSIONS = YES;
				CLANG_ANALYZER_NONNULL = YES;
				CLANG_ANALYZER_NUMBER_OBJECT_CONVERSION = YES_AGGRESSIVE;
				CLANG_CXX_LANGUAGE_STANDARD = "gnu++20";
				CLANG_ENABLE_MODULES = YES;
				CLANG_ENABLE_OBJC_ARC = YES;
				CLANG_ENABLE_OBJC_WEAK = YES;
				CLANG_WARN_BLOCK_CAPTURE_AUTORELEASING = YES;
				CLANG_WARN_BOOL_CONVERSION = YES;
				CLANG_WARN_COMMA = YES;
				CLANG_WARN_CONSTANT_CONVERSION = YES;
				CLANG_WARN_DEPRECATED_OBJC_IMPLEMENTATIONS = YES;
				CLANG_WARN_DIRECT_OBJC_ISA_USAGE = YES_ERROR;
				CLANG_WARN_DOCUMENTATION_COMMENTS = YES;
				CLANG_WARN_EMPTY_BODY = YES;
				CLANG_WARN_ENUM_CONVERSION = YES;
				CLANG_WARN_INFINITE_RECURSION = YES;
				CLANG_WARN_INT_CONVERSION = YES;
				CLANG_WARN_NON_LITERAL_NULL_CONVERSION = YES;
				CLANG_WARN_OBJC_IMPLICIT_RETAIN_SELF = YES;
				CLANG_WARN_OBJC_LITERAL_CONVERSION = YES;
				CLANG_WARN_OBJC_ROOT_CLASS = YES_ERROR;
				CLANG_WARN_QUOTED_INCLUDE_IN_FRAMEWORK_HEADER = YES;
				CLANG_WARN_RANGE_LOOP_ANALYSIS = YES;
				CLANG_WARN_STRICT_PROTOTYPES = YES;
				CLANG_WARN_SUSPICIOUS_MOVE = YES;
				CLANG_WARN_UNGUARDED_AVAILABILITY = YES_AGGRESSIVE;
				CLANG_WARN_UNREACHABLE_CODE = YES;
				CLANG_WARN__DUPLICATE_METHOD_MATCH = YES;
				COPY_PHASE_STRIP = NO;
				DEBUG_INFORMATION_FORMAT = dwarf;
				ENABLE_STRICT_OBJC_MSGSEND = YES;
				ENABLE_TESTABILITY = YES;
				ENABLE_USER_SCRIPT_SANDBOXING = YES;
				GCC_C_LANGUAGE_STANDARD = gnu17;
				GCC_DYNAMIC_NO_PIC = NO;
				GCC_NO_COMMON_BLOCKS = YES;
				GCC_OPTIMIZATION_LEVEL = 0;
				GCC_PREPROCESSOR_DEFINITIONS = (
					"DEBUG=1",
					"$(inherited)",
				);
				GCC_WARN_64_TO_32_BIT_CONVERSION = YES;
				GCC_WARN_ABOUT_RETURN_TYPE = YES_ERROR;
				GCC_WARN_UNDECLARED_SELECTOR = YES;
				GCC_WARN_UNINITIALIZED_AUTOS = YES_AGGRESSIVE;
				GCC_WARN_UNUSED_FUNCTION = YES;
				GCC_WARN_UNUSED_VARIABLE = YES;
				IPHONEOS_DEPLOYMENT_TARGET = 17.2;
				LOCALIZATION_PREFERS_STRING_CATALOGS = YES;
				MTL_ENABLE_DEBUG_INFO = INCLUDE_SOURCE;
				MTL_FAST_MATH = YES;
				ONLY_ACTIVE_ARCH = YES;
				SDKROOT = iphoneos;
				SWIFT_ACTIVE_COMPILATION_CONDITIONS = "DEBUG $(inherited)";
				SWIFT_OPTIMIZATION_LEVEL = "-Onone";
			};
			name = Debug;
		};
		041CF88B2B8CB340003D2A58 /* Release */ = {
			isa = XCBuildConfiguration;
			buildSettings = {
				ALWAYS_SEARCH_USER_PATHS = NO;
				ASSETCATALOG_COMPILER_GENERATE_SWIFT_ASSET_SYMBOL_EXTENSIONS = YES;
				CLANG_ANALYZER_NONNULL = YES;
				CLANG_ANALYZER_NUMBER_OBJECT_CONVERSION = YES_AGGRESSIVE;
				CLANG_CXX_LANGUAGE_STANDARD = "gnu++20";
				CLANG_ENABLE_MODULES = YES;
				CLANG_ENABLE_OBJC_ARC = YES;
				CLANG_ENABLE_OBJC_WEAK = YES;
				CLANG_WARN_BLOCK_CAPTURE_AUTORELEASING = YES;
				CLANG_WARN_BOOL_CONVERSION = YES;
				CLANG_WARN_COMMA = YES;
				CLANG_WARN_CONSTANT_CONVERSION = YES;
				CLANG_WARN_DEPRECATED_OBJC_IMPLEMENTATIONS = YES;
				CLANG_WARN_DIRECT_OBJC_ISA_USAGE = YES_ERROR;
				CLANG_WARN_DOCUMENTATION_COMMENTS = YES;
				CLANG_WARN_EMPTY_BODY = YES;
				CLANG_WARN_ENUM_CONVERSION = YES;
				CLANG_WARN_INFINITE_RECURSION = YES;
				CLANG_WARN_INT_CONVERSION = YES;
				CLANG_WARN_NON_LITERAL_NULL_CONVERSION = YES;
				CLANG_WARN_OBJC_IMPLICIT_RETAIN_SELF = YES;
				CLANG_WARN_OBJC_LITERAL_CONVERSION = YES;
				CLANG_WARN_OBJC_ROOT_CLASS = YES_ERROR;
				CLANG_WARN_QUOTED_INCLUDE_IN_FRAMEWORK_HEADER = YES;
				CLANG_WARN_RANGE_LOOP_ANALYSIS = YES;
				CLANG_WARN_STRICT_PROTOTYPES = YES;
				CLANG_WARN_SUSPICIOUS_MOVE = YES;
				CLANG_WARN_UNGUARDED_AVAILABILITY = YES_AGGRESSIVE;
				CLANG_WARN_UNREACHABLE_CODE = YES;
				CLANG_WARN__DUPLICATE_METHOD_MATCH = YES;
				COPY_PHASE_STRIP = NO;
				DEBUG_INFORMATION_FORMAT = "dwarf-with-dsym";
				ENABLE_NS_ASSERTIONS = NO;
				ENABLE_STRICT_OBJC_MSGSEND = YES;
				ENABLE_USER_SCRIPT_SANDBOXING = YES;
				GCC_C_LANGUAGE_STANDARD = gnu17;
				GCC_NO_COMMON_BLOCKS = YES;
				GCC_WARN_64_TO_32_BIT_CONVERSION = YES;
				GCC_WARN_ABOUT_RETURN_TYPE = YES_ERROR;
				GCC_WARN_UNDECLARED_SELECTOR = YES;
				GCC_WARN_UNINITIALIZED_AUTOS = YES_AGGRESSIVE;
				GCC_WARN_UNUSED_FUNCTION = YES;
				GCC_WARN_UNUSED_VARIABLE = YES;
				IPHONEOS_DEPLOYMENT_TARGET = 17.2;
				LOCALIZATION_PREFERS_STRING_CATALOGS = YES;
				MTL_ENABLE_DEBUG_INFO = NO;
				MTL_FAST_MATH = YES;
				SDKROOT = iphoneos;
				SWIFT_COMPILATION_MODE = wholemodule;
				VALIDATE_PRODUCT = YES;
			};
			name = Release;
		};
		041CF88D2B8CB340003D2A58 /* Debug */ = {
			isa = XCBuildConfiguration;
			baseConfigurationReference = 9EAAE6065F463FB9FAE00738 /* Pods-ozinshe-demo-sanzhar.debug.xcconfig */;
			buildSettings = {
				ASSETCATALOG_COMPILER_APPICON_NAME = AppIcon;
				ASSETCATALOG_COMPILER_GLOBAL_ACCENT_COLOR_NAME = AccentColor;
				CODE_SIGN_STYLE = Automatic;
				CURRENT_PROJECT_VERSION = 1;
				DEVELOPMENT_TEAM = N53NK75LZU;
				GENERATE_INFOPLIST_FILE = YES;
				INFOPLIST_FILE = "ozinshe-demo-sanzhar/Info.plist";
				INFOPLIST_KEY_UIApplicationSupportsIndirectInputEvents = YES;
				INFOPLIST_KEY_UILaunchStoryboardName = LaunchScreen;
				INFOPLIST_KEY_UISupportedInterfaceOrientations_iPad = "UIInterfaceOrientationPortrait UIInterfaceOrientationPortraitUpsideDown UIInterfaceOrientationLandscapeLeft UIInterfaceOrientationLandscapeRight";
				INFOPLIST_KEY_UISupportedInterfaceOrientations_iPhone = "UIInterfaceOrientationPortrait UIInterfaceOrientationLandscapeLeft UIInterfaceOrientationLandscapeRight";
				LD_RUNPATH_SEARCH_PATHS = (
					"$(inherited)",
					"@executable_path/Frameworks",
				);
				MARKETING_VERSION = 1.0;
				PRODUCT_BUNDLE_IDENTIFIER = "com.ayu.ozinshe-demo-sanzhar";
				PRODUCT_NAME = "$(TARGET_NAME)";
				SWIFT_EMIT_LOC_STRINGS = YES;
				SWIFT_VERSION = 5.0;
				TARGETED_DEVICE_FAMILY = "1,2";
			};
			name = Debug;
		};
		041CF88E2B8CB340003D2A58 /* Release */ = {
			isa = XCBuildConfiguration;
			baseConfigurationReference = B96DE1D9B39017AC4B9D0DC9 /* Pods-ozinshe-demo-sanzhar.release.xcconfig */;
			buildSettings = {
				ASSETCATALOG_COMPILER_APPICON_NAME = AppIcon;
				ASSETCATALOG_COMPILER_GLOBAL_ACCENT_COLOR_NAME = AccentColor;
				CODE_SIGN_STYLE = Automatic;
				CURRENT_PROJECT_VERSION = 1;
				DEVELOPMENT_TEAM = N53NK75LZU;
				GENERATE_INFOPLIST_FILE = YES;
				INFOPLIST_FILE = "ozinshe-demo-sanzhar/Info.plist";
				INFOPLIST_KEY_UIApplicationSupportsIndirectInputEvents = YES;
				INFOPLIST_KEY_UILaunchStoryboardName = LaunchScreen;
				INFOPLIST_KEY_UISupportedInterfaceOrientations_iPad = "UIInterfaceOrientationPortrait UIInterfaceOrientationPortraitUpsideDown UIInterfaceOrientationLandscapeLeft UIInterfaceOrientationLandscapeRight";
				INFOPLIST_KEY_UISupportedInterfaceOrientations_iPhone = "UIInterfaceOrientationPortrait UIInterfaceOrientationLandscapeLeft UIInterfaceOrientationLandscapeRight";
				LD_RUNPATH_SEARCH_PATHS = (
					"$(inherited)",
					"@executable_path/Frameworks",
				);
				MARKETING_VERSION = 1.0;
				PRODUCT_BUNDLE_IDENTIFIER = "com.ayu.ozinshe-demo-sanzhar";
				PRODUCT_NAME = "$(TARGET_NAME)";
				SWIFT_EMIT_LOC_STRINGS = YES;
				SWIFT_VERSION = 5.0;
				TARGETED_DEVICE_FAMILY = "1,2";
			};
			name = Release;
		};
/* End XCBuildConfiguration section */

/* Begin XCConfigurationList section */
		041CF8732B8CB33F003D2A58 /* Build configuration list for PBXProject "ozinshe-demo-sanzhar" */ = {
			isa = XCConfigurationList;
			buildConfigurations = (
				041CF88A2B8CB340003D2A58 /* Debug */,
				041CF88B2B8CB340003D2A58 /* Release */,
			);
			defaultConfigurationIsVisible = 0;
			defaultConfigurationName = Release;
		};
		041CF88C2B8CB340003D2A58 /* Build configuration list for PBXNativeTarget "ozinshe-demo-sanzhar" */ = {
			isa = XCConfigurationList;
			buildConfigurations = (
				041CF88D2B8CB340003D2A58 /* Debug */,
				041CF88E2B8CB340003D2A58 /* Release */,
			);
			defaultConfigurationIsVisible = 0;
			defaultConfigurationName = Release;
		};
/* End XCConfigurationList section */
	};
	rootObject = 041CF8702B8CB33F003D2A58 /* Project object */;
}
