// !$*UTF8*$!
{
	archiveVersion = 1;
	classes = {
	};
	objectVersion = 56;
	objects = {

/* Begin PBXBuildFile section */
		041CF87C2B8CB33F003D2A58 /* AppDelegate.swift in Sources */ = {isa = PBXBuildFile; fileRef = 041CF87B2B8CB33F003D2A58 /* AppDelegate.swift */; };
		041CF87E2B8CB33F003D2A58 /* SceneDelegate.swift in Sources */ = {isa = PBXBuildFile; fileRef = 041CF87D2B8CB33F003D2A58 /* SceneDelegate.swift */; };
		041CF8802B8CB33F003D2A58 /* CarouselViewController.swift in Sources */ = {isa = PBXBuildFile; fileRef = 041CF87F2B8CB33F003D2A58 /* CarouselViewController.swift */; };
		041CF8852B8CB340003D2A58 /* Assets.xcassets in Resources */ = {isa = PBXBuildFile; fileRef = 041CF8842B8CB340003D2A58 /* Assets.xcassets */; };
		041CF8882B8CB340003D2A58 /* LaunchScreen.storyboard in Resources */ = {isa = PBXBuildFile; fileRef = 041CF8862B8CB340003D2A58 /* LaunchScreen.storyboard */; };
		041CF89A2B8DC0D1003D2A58 /* UIColor+Extension.swift in Sources */ = {isa = PBXBuildFile; fileRef = 041CF8992B8DC0D1003D2A58 /* UIColor+Extension.swift */; };
		041CF89D2B8DC0D9003D2A58 /* ColorPalette.swift in Sources */ = {isa = PBXBuildFile; fileRef = 041CF89C2B8DC0D9003D2A58 /* ColorPalette.swift */; };
		041CF89F2B8DC0E9003D2A58 /* Localizable.xcstrings in Resources */ = {isa = PBXBuildFile; fileRef = 041CF89E2B8DC0E9003D2A58 /* Localizable.xcstrings */; };
		041CF8A22B8DD2D9003D2A58 /* CarouselCell.swift in Sources */ = {isa = PBXBuildFile; fileRef = 041CF8A12B8DD2D9003D2A58 /* CarouselCell.swift */; };
		041CF8A42B8DF7B4003D2A58 /* Screen.swift in Sources */ = {isa = PBXBuildFile; fileRef = 041CF8A32B8DF7B4003D2A58 /* Screen.swift */; };
		041CF8A72B8E00F2003D2A58 /* OZButton.swift in Sources */ = {isa = PBXBuildFile; fileRef = 041CF8A62B8E00F2003D2A58 /* OZButton.swift */; };
		041CF8AB2B8E1734003D2A58 /* OZPageControl.swift in Sources */ = {isa = PBXBuildFile; fileRef = 041CF8AA2B8E1734003D2A58 /* OZPageControl.swift */; };
		041CF8AE2B8E22B2003D2A58 /* SignInViewController.swift in Sources */ = {isa = PBXBuildFile; fileRef = 041CF8AD2B8E22B2003D2A58 /* SignInViewController.swift */; };
		041CF8B02B8E433C003D2A58 /* OZTextField.swift in Sources */ = {isa = PBXBuildFile; fileRef = 041CF8AF2B8E433C003D2A58 /* OZTextField.swift */; };
		041CF8B22B9DA043003D2A58 /* OZTextFieldView.swift in Sources */ = {isa = PBXBuildFile; fileRef = 041CF8B12B9DA043003D2A58 /* OZTextFieldView.swift */; };
		041CF8B72B9DB2BA003D2A58 /* Date.swift in Sources */ = {isa = PBXBuildFile; fileRef = 041CF8B62B9DB2BA003D2A58 /* Date.swift */; };
		041CF8B92B9DB312003D2A58 /* Logger.swift in Sources */ = {isa = PBXBuildFile; fileRef = 041CF8B82B9DB312003D2A58 /* Logger.swift */; };
		041CF8BB2B9DCD77003D2A58 /* UIButton+Extension.swift in Sources */ = {isa = PBXBuildFile; fileRef = 041CF8BA2B9DCD77003D2A58 /* UIButton+Extension.swift */; };
		041CF8BD2B9DD42E003D2A58 /* SignUpViewController.swift in Sources */ = {isa = PBXBuildFile; fileRef = 041CF8BC2B9DD42E003D2A58 /* SignUpViewController.swift */; };
		041CF8C72B9EFDB3003D2A58 /* MainTabBarController.swift in Sources */ = {isa = PBXBuildFile; fileRef = 041CF8C62B9EFDB3003D2A58 /* MainTabBarController.swift */; };
		041CF8CE2B9EFE50003D2A58 /* HomeViewController.swift in Sources */ = {isa = PBXBuildFile; fileRef = 041CF8CD2B9EFE50003D2A58 /* HomeViewController.swift */; };
		041CF8D02B9EFE5B003D2A58 /* SearchViewController.swift in Sources */ = {isa = PBXBuildFile; fileRef = 041CF8CF2B9EFE5B003D2A58 /* SearchViewController.swift */; };
		041CF8D22B9EFE78003D2A58 /* FavoritesViewController.swift in Sources */ = {isa = PBXBuildFile; fileRef = 041CF8D12B9EFE78003D2A58 /* FavoritesViewController.swift */; };
		041CF8D42B9EFE86003D2A58 /* ProfileViewController.swift in Sources */ = {isa = PBXBuildFile; fileRef = 041CF8D32B9EFE86003D2A58 /* ProfileViewController.swift */; };
		041CF8D92BA168BF003D2A58 /* HeaderTableViewCell.swift in Sources */ = {isa = PBXBuildFile; fileRef = 041CF8D82BA168BF003D2A58 /* HeaderTableViewCell.swift */; };
		041CF8DD2BA1A698003D2A58 /* RecomendationCollectionViewCell.swift in Sources */ = {isa = PBXBuildFile; fileRef = 041CF8DC2BA1A698003D2A58 /* RecomendationCollectionViewCell.swift */; };
		041CF8E02BA1D201003D2A58 /* KeepWatchingCollectionViewCell.swift in Sources */ = {isa = PBXBuildFile; fileRef = 041CF8DF2BA1D201003D2A58 /* KeepWatchingCollectionViewCell.swift */; };
		041CF8E22BA1D210003D2A58 /* KeepWatchingTableViewCell.swift in Sources */ = {isa = PBXBuildFile; fileRef = 041CF8E12BA1D210003D2A58 /* KeepWatchingTableViewCell.swift */; };
		041CF8E52BA1D904003D2A58 /* GalleryListTableViewCell.swift in Sources */ = {isa = PBXBuildFile; fileRef = 041CF8E42BA1D904003D2A58 /* GalleryListTableViewCell.swift */; };
		041CF8E72BA1D914003D2A58 /* GalleryListCollectionViewCell.swift in Sources */ = {isa = PBXBuildFile; fileRef = 041CF8E62BA1D914003D2A58 /* GalleryListCollectionViewCell.swift */; };
		041CF8EA2BA1E436003D2A58 /* MovieCardCollectionViewCell.swift in Sources */ = {isa = PBXBuildFile; fileRef = 041CF8E92BA1E436003D2A58 /* MovieCardCollectionViewCell.swift */; };
		041CF8EC2BA1E447003D2A58 /* MovieCardTableViewCell.swift in Sources */ = {isa = PBXBuildFile; fileRef = 041CF8EB2BA1E447003D2A58 /* MovieCardTableViewCell.swift */; };
		041CF8EE2BA1E84A003D2A58 /* StaticData.swift in Sources */ = {isa = PBXBuildFile; fileRef = 041CF8ED2BA1E84A003D2A58 /* StaticData.swift */; };
		041CF8FB2BA30FCA003D2A58 /* MovieInfoViewController.swift in Sources */ = {isa = PBXBuildFile; fileRef = 041CF8FA2BA30FCA003D2A58 /* MovieInfoViewController.swift */; };
		041CF8FD2BA32BB8003D2A58 /* UIView+Extension.swift in Sources */ = {isa = PBXBuildFile; fileRef = 041CF8FC2BA32BB8003D2A58 /* UIView+Extension.swift */; };
		041CF9012BA3793E003D2A58 /* UILabek+Extension.swift in Sources */ = {isa = PBXBuildFile; fileRef = 041CF9002BA3793E003D2A58 /* UILabek+Extension.swift */; };
		041CF9042BA4A227003D2A58 /* ScreenshotCollectionViewCell.swift in Sources */ = {isa = PBXBuildFile; fileRef = 041CF9032BA4A227003D2A58 /* ScreenshotCollectionViewCell.swift */; };
		041CF9072BA72FE0003D2A58 /* SeriesViewController.swift in Sources */ = {isa = PBXBuildFile; fileRef = 041CF9062BA72FE0003D2A58 /* SeriesViewController.swift */; };
		041CF9092BA732FC003D2A58 /* SeasonCollectionViewCell.swift in Sources */ = {isa = PBXBuildFile; fileRef = 041CF9082BA732FC003D2A58 /* SeasonCollectionViewCell.swift */; };
		041CF90B2BA7331A003D2A58 /* SeriesTableViewCell.swift in Sources */ = {isa = PBXBuildFile; fileRef = 041CF90A2BA7331A003D2A58 /* SeriesTableViewCell.swift */; };
		041CF90D2BAAA9F3003D2A58 /* ContentCategoryCollectionViewCell.swift in Sources */ = {isa = PBXBuildFile; fileRef = 041CF90C2BAAA9F3003D2A58 /* ContentCategoryCollectionViewCell.swift */; };
		041CF9112BAAB9A0003D2A58 /* SearchResultViewController.swift in Sources */ = {isa = PBXBuildFile; fileRef = 041CF9102BAAB9A0003D2A58 /* SearchResultViewController.swift */; };
		041CF9132BAABA31003D2A58 /* MovieTableViewCell.swift in Sources */ = {isa = PBXBuildFile; fileRef = 041CF9122BAABA31003D2A58 /* MovieTableViewCell.swift */; };
		041CF9162BB2B988003D2A58 /* ProfileSectionTableViewCell.swift in Sources */ = {isa = PBXBuildFile; fileRef = 041CF9152BB2B988003D2A58 /* ProfileSectionTableViewCell.swift */; };
		041CF9182BB3FD19003D2A58 /* ProfileHeaderView.swift in Sources */ = {isa = PBXBuildFile; fileRef = 041CF9172BB3FD19003D2A58 /* ProfileHeaderView.swift */; };
		041CF91C2BB580F1003D2A58 /* PersonalDataViewController.swift in Sources */ = {isa = PBXBuildFile; fileRef = 041CF91B2BB580F1003D2A58 /* PersonalDataViewController.swift */; };
		041CF9202BB581A4003D2A58 /* PersonalDataTableViewCell.swift in Sources */ = {isa = PBXBuildFile; fileRef = 041CF91F2BB581A4003D2A58 /* PersonalDataTableViewCell.swift */; };
		041CF9232BB58DB7003D2A58 /* SelectionLanguageViewController.swift in Sources */ = {isa = PBXBuildFile; fileRef = 041CF9222BB58DB7003D2A58 /* SelectionLanguageViewController.swift */; };
		041CF9252BB59059003D2A58 /* SelectionLanguageTableViewCell.swift in Sources */ = {isa = PBXBuildFile; fileRef = 041CF9242BB59059003D2A58 /* SelectionLanguageTableViewCell.swift */; };
		041CF9272BB59FFA003D2A58 /* UIViewController+Extension.swift in Sources */ = {isa = PBXBuildFile; fileRef = 041CF9262BB59FFA003D2A58 /* UIViewController+Extension.swift */; };
		041CF9292BB5D12F003D2A58 /* ProfileNavigationViewController.swift in Sources */ = {isa = PBXBuildFile; fileRef = 041CF9282BB5D12F003D2A58 /* ProfileNavigationViewController.swift */; };
		4E36E06A940AEF4DED4D5885 /* Pods_ozinshe_demo_sanzhar.framework in Frameworks */ = {isa = PBXBuildFile; fileRef = D8010A3BEE7B59114DA5A385 /* Pods_ozinshe_demo_sanzhar.framework */; };
/* End PBXBuildFile section */

/* Begin PBXFileReference section */
		041CF8782B8CB33F003D2A58 /* ozinshe-demo-sanzhar.app */ = {isa = PBXFileReference; explicitFileType = wrapper.application; includeInIndex = 0; path = "ozinshe-demo-sanzhar.app"; sourceTree = BUILT_PRODUCTS_DIR; };
		041CF87B2B8CB33F003D2A58 /* AppDelegate.swift */ = {isa = PBXFileReference; lastKnownFileType = sourcecode.swift; path = AppDelegate.swift; sourceTree = "<group>"; };
		041CF87D2B8CB33F003D2A58 /* SceneDelegate.swift */ = {isa = PBXFileReference; lastKnownFileType = sourcecode.swift; path = SceneDelegate.swift; sourceTree = "<group>"; };
		041CF87F2B8CB33F003D2A58 /* CarouselViewController.swift */ = {isa = PBXFileReference; lastKnownFileType = sourcecode.swift; path = CarouselViewController.swift; sourceTree = "<group>"; };
		041CF8842B8CB340003D2A58 /* Assets.xcassets */ = {isa = PBXFileReference; lastKnownFileType = folder.assetcatalog; path = Assets.xcassets; sourceTree = "<group>"; };
		041CF8872B8CB340003D2A58 /* Base */ = {isa = PBXFileReference; lastKnownFileType = file.storyboard; name = Base; path = Base.lproj/LaunchScreen.storyboard; sourceTree = "<group>"; };
		041CF8892B8CB340003D2A58 /* Info.plist */ = {isa = PBXFileReference; lastKnownFileType = text.plist.xml; path = Info.plist; sourceTree = "<group>"; };
		041CF8992B8DC0D1003D2A58 /* UIColor+Extension.swift */ = {isa = PBXFileReference; fileEncoding = 4; lastKnownFileType = sourcecode.swift; path = "UIColor+Extension.swift"; sourceTree = "<group>"; };
		041CF89C2B8DC0D9003D2A58 /* ColorPalette.swift */ = {isa = PBXFileReference; fileEncoding = 4; lastKnownFileType = sourcecode.swift; path = ColorPalette.swift; sourceTree = "<group>"; };
		041CF89E2B8DC0E9003D2A58 /* Localizable.xcstrings */ = {isa = PBXFileReference; fileEncoding = 4; lastKnownFileType = text.json.xcstrings; name = Localizable.xcstrings; path = "ozinshe-demo-sanzhar/Common/Resourses/Localizable.xcstrings"; sourceTree = SOURCE_ROOT; };
		041CF8A12B8DD2D9003D2A58 /* CarouselCell.swift */ = {isa = PBXFileReference; lastKnownFileType = sourcecode.swift; path = CarouselCell.swift; sourceTree = "<group>"; };
		041CF8A32B8DF7B4003D2A58 /* Screen.swift */ = {isa = PBXFileReference; lastKnownFileType = sourcecode.swift; path = Screen.swift; sourceTree = "<group>"; };
		041CF8A62B8E00F2003D2A58 /* OZButton.swift */ = {isa = PBXFileReference; lastKnownFileType = sourcecode.swift; path = OZButton.swift; sourceTree = "<group>"; };
		041CF8AA2B8E1734003D2A58 /* OZPageControl.swift */ = {isa = PBXFileReference; lastKnownFileType = sourcecode.swift; path = OZPageControl.swift; sourceTree = "<group>"; };
		041CF8AD2B8E22B2003D2A58 /* SignInViewController.swift */ = {isa = PBXFileReference; lastKnownFileType = sourcecode.swift; path = SignInViewController.swift; sourceTree = "<group>"; };
		041CF8AF2B8E433C003D2A58 /* OZTextField.swift */ = {isa = PBXFileReference; lastKnownFileType = sourcecode.swift; path = OZTextField.swift; sourceTree = "<group>"; };
		041CF8B12B9DA043003D2A58 /* OZTextFieldView.swift */ = {isa = PBXFileReference; lastKnownFileType = sourcecode.swift; path = OZTextFieldView.swift; sourceTree = "<group>"; };
		041CF8B62B9DB2BA003D2A58 /* Date.swift */ = {isa = PBXFileReference; fileEncoding = 4; lastKnownFileType = sourcecode.swift; path = Date.swift; sourceTree = "<group>"; };
		041CF8B82B9DB312003D2A58 /* Logger.swift */ = {isa = PBXFileReference; lastKnownFileType = sourcecode.swift; path = Logger.swift; sourceTree = "<group>"; };
		041CF8BA2B9DCD77003D2A58 /* UIButton+Extension.swift */ = {isa = PBXFileReference; lastKnownFileType = sourcecode.swift; path = "UIButton+Extension.swift"; sourceTree = "<group>"; };
		041CF8BC2B9DD42E003D2A58 /* SignUpViewController.swift */ = {isa = PBXFileReference; lastKnownFileType = sourcecode.swift; path = SignUpViewController.swift; sourceTree = "<group>"; };
		041CF8C62B9EFDB3003D2A58 /* MainTabBarController.swift */ = {isa = PBXFileReference; lastKnownFileType = sourcecode.swift; path = MainTabBarController.swift; sourceTree = "<group>"; };
		041CF8CD2B9EFE50003D2A58 /* HomeViewController.swift */ = {isa = PBXFileReference; lastKnownFileType = sourcecode.swift; path = HomeViewController.swift; sourceTree = "<group>"; };
		041CF8CF2B9EFE5B003D2A58 /* SearchViewController.swift */ = {isa = PBXFileReference; lastKnownFileType = sourcecode.swift; path = SearchViewController.swift; sourceTree = "<group>"; };
		041CF8D12B9EFE78003D2A58 /* FavoritesViewController.swift */ = {isa = PBXFileReference; lastKnownFileType = sourcecode.swift; path = FavoritesViewController.swift; sourceTree = "<group>"; };
		041CF8D32B9EFE86003D2A58 /* ProfileViewController.swift */ = {isa = PBXFileReference; lastKnownFileType = sourcecode.swift; path = ProfileViewController.swift; sourceTree = "<group>"; };
		041CF8D82BA168BF003D2A58 /* HeaderTableViewCell.swift */ = {isa = PBXFileReference; lastKnownFileType = sourcecode.swift; path = HeaderTableViewCell.swift; sourceTree = "<group>"; };
		041CF8DC2BA1A698003D2A58 /* RecomendationCollectionViewCell.swift */ = {isa = PBXFileReference; lastKnownFileType = sourcecode.swift; path = RecomendationCollectionViewCell.swift; sourceTree = "<group>"; };
		041CF8DF2BA1D201003D2A58 /* KeepWatchingCollectionViewCell.swift */ = {isa = PBXFileReference; lastKnownFileType = sourcecode.swift; path = KeepWatchingCollectionViewCell.swift; sourceTree = "<group>"; };
		041CF8E12BA1D210003D2A58 /* KeepWatchingTableViewCell.swift */ = {isa = PBXFileReference; lastKnownFileType = sourcecode.swift; path = KeepWatchingTableViewCell.swift; sourceTree = "<group>"; };
		041CF8E42BA1D904003D2A58 /* GalleryListTableViewCell.swift */ = {isa = PBXFileReference; lastKnownFileType = sourcecode.swift; path = GalleryListTableViewCell.swift; sourceTree = "<group>"; };
		041CF8E62BA1D914003D2A58 /* GalleryListCollectionViewCell.swift */ = {isa = PBXFileReference; lastKnownFileType = sourcecode.swift; path = GalleryListCollectionViewCell.swift; sourceTree = "<group>"; };
		041CF8E92BA1E436003D2A58 /* MovieCardCollectionViewCell.swift */ = {isa = PBXFileReference; lastKnownFileType = sourcecode.swift; path = MovieCardCollectionViewCell.swift; sourceTree = "<group>"; };
		041CF8EB2BA1E447003D2A58 /* MovieCardTableViewCell.swift */ = {isa = PBXFileReference; lastKnownFileType = sourcecode.swift; path = MovieCardTableViewCell.swift; sourceTree = "<group>"; };
		041CF8ED2BA1E84A003D2A58 /* StaticData.swift */ = {isa = PBXFileReference; lastKnownFileType = sourcecode.swift; path = StaticData.swift; sourceTree = "<group>"; };
		041CF8FA2BA30FCA003D2A58 /* MovieInfoViewController.swift */ = {isa = PBXFileReference; lastKnownFileType = sourcecode.swift; path = MovieInfoViewController.swift; sourceTree = "<group>"; };
		041CF8FC2BA32BB8003D2A58 /* UIView+Extension.swift */ = {isa = PBXFileReference; lastKnownFileType = sourcecode.swift; path = "UIView+Extension.swift"; sourceTree = "<group>"; };
		041CF9002BA3793E003D2A58 /* UILabek+Extension.swift */ = {isa = PBXFileReference; lastKnownFileType = sourcecode.swift; path = "UILabek+Extension.swift"; sourceTree = "<group>"; };
		041CF9032BA4A227003D2A58 /* ScreenshotCollectionViewCell.swift */ = {isa = PBXFileReference; lastKnownFileType = sourcecode.swift; path = ScreenshotCollectionViewCell.swift; sourceTree = "<group>"; };
		041CF9062BA72FE0003D2A58 /* SeriesViewController.swift */ = {isa = PBXFileReference; lastKnownFileType = sourcecode.swift; path = SeriesViewController.swift; sourceTree = "<group>"; };
		041CF9082BA732FC003D2A58 /* SeasonCollectionViewCell.swift */ = {isa = PBXFileReference; lastKnownFileType = sourcecode.swift; path = SeasonCollectionViewCell.swift; sourceTree = "<group>"; };
		041CF90A2BA7331A003D2A58 /* SeriesTableViewCell.swift */ = {isa = PBXFileReference; lastKnownFileType = sourcecode.swift; path = SeriesTableViewCell.swift; sourceTree = "<group>"; };
		041CF90C2BAAA9F3003D2A58 /* ContentCategoryCollectionViewCell.swift */ = {isa = PBXFileReference; lastKnownFileType = sourcecode.swift; path = ContentCategoryCollectionViewCell.swift; sourceTree = "<group>"; };
		041CF9102BAAB9A0003D2A58 /* SearchResultViewController.swift */ = {isa = PBXFileReference; lastKnownFileType = sourcecode.swift; path = SearchResultViewController.swift; sourceTree = "<group>"; };
		041CF9122BAABA31003D2A58 /* MovieTableViewCell.swift */ = {isa = PBXFileReference; lastKnownFileType = sourcecode.swift; path = MovieTableViewCell.swift; sourceTree = "<group>"; };
		041CF9152BB2B988003D2A58 /* ProfileSectionTableViewCell.swift */ = {isa = PBXFileReference; lastKnownFileType = sourcecode.swift; path = ProfileSectionTableViewCell.swift; sourceTree = "<group>"; };
		041CF9172BB3FD19003D2A58 /* ProfileHeaderView.swift */ = {isa = PBXFileReference; lastKnownFileType = sourcecode.swift; path = ProfileHeaderView.swift; sourceTree = "<group>"; };
		041CF91B2BB580F1003D2A58 /* PersonalDataViewController.swift */ = {isa = PBXFileReference; lastKnownFileType = sourcecode.swift; path = PersonalDataViewController.swift; sourceTree = "<group>"; };
		041CF91F2BB581A4003D2A58 /* PersonalDataTableViewCell.swift */ = {isa = PBXFileReference; lastKnownFileType = sourcecode.swift; path = PersonalDataTableViewCell.swift; sourceTree = "<group>"; usesTabs = 0; wrapsLines = 1; };
		041CF9222BB58DB7003D2A58 /* SelectionLanguageViewController.swift */ = {isa = PBXFileReference; lastKnownFileType = sourcecode.swift; path = SelectionLanguageViewController.swift; sourceTree = "<group>"; };
		041CF9242BB59059003D2A58 /* SelectionLanguageTableViewCell.swift */ = {isa = PBXFileReference; lastKnownFileType = sourcecode.swift; path = SelectionLanguageTableViewCell.swift; sourceTree = "<group>"; };
		041CF9262BB59FFA003D2A58 /* UIViewController+Extension.swift */ = {isa = PBXFileReference; lastKnownFileType = sourcecode.swift; path = "UIViewController+Extension.swift"; sourceTree = "<group>"; };
		041CF9282BB5D12F003D2A58 /* ProfileNavigationViewController.swift */ = {isa = PBXFileReference; lastKnownFileType = sourcecode.swift; path = ProfileNavigationViewController.swift; sourceTree = "<group>"; };
		9EAAE6065F463FB9FAE00738 /* Pods-ozinshe-demo-sanzhar.debug.xcconfig */ = {isa = PBXFileReference; includeInIndex = 1; lastKnownFileType = text.xcconfig; name = "Pods-ozinshe-demo-sanzhar.debug.xcconfig"; path = "Target Support Files/Pods-ozinshe-demo-sanzhar/Pods-ozinshe-demo-sanzhar.debug.xcconfig"; sourceTree = "<group>"; };
		B96DE1D9B39017AC4B9D0DC9 /* Pods-ozinshe-demo-sanzhar.release.xcconfig */ = {isa = PBXFileReference; includeInIndex = 1; lastKnownFileType = text.xcconfig; name = "Pods-ozinshe-demo-sanzhar.release.xcconfig"; path = "Target Support Files/Pods-ozinshe-demo-sanzhar/Pods-ozinshe-demo-sanzhar.release.xcconfig"; sourceTree = "<group>"; };
		D8010A3BEE7B59114DA5A385 /* Pods_ozinshe_demo_sanzhar.framework */ = {isa = PBXFileReference; explicitFileType = wrapper.framework; includeInIndex = 0; path = Pods_ozinshe_demo_sanzhar.framework; sourceTree = BUILT_PRODUCTS_DIR; };
/* End PBXFileReference section */

/* Begin PBXFrameworksBuildPhase section */
		041CF8752B8CB33F003D2A58 /* Frameworks */ = {
			isa = PBXFrameworksBuildPhase;
			buildActionMask = 2147483647;
			files = (
				4E36E06A940AEF4DED4D5885 /* Pods_ozinshe_demo_sanzhar.framework in Frameworks */,
			);
			runOnlyForDeploymentPostprocessing = 0;
		};
/* End PBXFrameworksBuildPhase section */

/* Begin PBXGroup section */
		041CF86F2B8CB33F003D2A58 = {
			isa = PBXGroup;
			children = (
				041CF87A2B8CB33F003D2A58 /* ozinshe-demo-sanzhar */,
				041CF8792B8CB33F003D2A58 /* Products */,
				F7C42A24DE7DDB949213309F /* Pods */,
				5FC9CEC952E7F0CF13D08A22 /* Frameworks */,
			);
			sourceTree = "<group>";
		};
		041CF8792B8CB33F003D2A58 /* Products */ = {
			isa = PBXGroup;
			children = (
				041CF8782B8CB33F003D2A58 /* ozinshe-demo-sanzhar.app */,
			);
			name = Products;
			sourceTree = "<group>";
		};
		041CF87A2B8CB33F003D2A58 /* ozinshe-demo-sanzhar */ = {
			isa = PBXGroup;
			children = (
				041CF8C42B9EFB7F003D2A58 /* Models */,
				041CF8BE2B9EF78E003D2A58 /* Common */,
				041CF8A52B8E0093003D2A58 /* UI */,
				041CF88F2B8CB465003D2A58 /* Scenes */,
				041CF87B2B8CB33F003D2A58 /* AppDelegate.swift */,
				041CF87D2B8CB33F003D2A58 /* SceneDelegate.swift */,
				041CF8842B8CB340003D2A58 /* Assets.xcassets */,
				041CF8862B8CB340003D2A58 /* LaunchScreen.storyboard */,
				041CF8892B8CB340003D2A58 /* Info.plist */,
			);
			path = "ozinshe-demo-sanzhar";
			sourceTree = "<group>";
		};
		041CF88F2B8CB465003D2A58 /* Scenes */ = {
			isa = PBXGroup;
			children = (
				041CF8A02B8DD2BB003D2A58 /* CarouselScenes */,
				041CF8AC2B8E2260003D2A58 /* SignInScenes */,
				041CF8C52B9EFD66003D2A58 /* MainScenes */,
			);
			path = Scenes;
			sourceTree = "<group>";
		};
		041CF8A02B8DD2BB003D2A58 /* CarouselScenes */ = {
			isa = PBXGroup;
			children = (
				041CF87F2B8CB33F003D2A58 /* CarouselViewController.swift */,
				041CF8A12B8DD2D9003D2A58 /* CarouselCell.swift */,
			);
			path = CarouselScenes;
			sourceTree = "<group>";
		};
		041CF8A52B8E0093003D2A58 /* UI */ = {
			isa = PBXGroup;
			children = (
				041CF8A62B8E00F2003D2A58 /* OZButton.swift */,
				041CF8AA2B8E1734003D2A58 /* OZPageControl.swift */,
				041CF8AF2B8E433C003D2A58 /* OZTextField.swift */,
				041CF8B12B9DA043003D2A58 /* OZTextFieldView.swift */,
			);
			path = UI;
			sourceTree = "<group>";
		};
		041CF8AC2B8E2260003D2A58 /* SignInScenes */ = {
			isa = PBXGroup;
			children = (
				041CF8AD2B8E22B2003D2A58 /* SignInViewController.swift */,
				041CF8BC2B9DD42E003D2A58 /* SignUpViewController.swift */,
			);
			path = SignInScenes;
			sourceTree = "<group>";
		};
		041CF8BE2B9EF78E003D2A58 /* Common */ = {
			isa = PBXGroup;
			children = (
				041CF8C12B9EF7A8003D2A58 /* Extensions */,
				041CF8C02B9EF7A1003D2A58 /* Resourses */,
				041CF8BF2B9EF799003D2A58 /* Files */,
			);
			path = Common;
			sourceTree = "<group>";
		};
		041CF8BF2B9EF799003D2A58 /* Files */ = {
			isa = PBXGroup;
			children = (
				041CF8ED2BA1E84A003D2A58 /* StaticData.swift */,
			);
			path = Files;
			sourceTree = "<group>";
		};
		041CF8C02B9EF7A1003D2A58 /* Resourses */ = {
			isa = PBXGroup;
			children = (
				041CF89E2B8DC0E9003D2A58 /* Localizable.xcstrings */,
				041CF89C2B8DC0D9003D2A58 /* ColorPalette.swift */,
				041CF8A32B8DF7B4003D2A58 /* Screen.swift */,
				041CF8B82B9DB312003D2A58 /* Logger.swift */,
			);
			path = Resourses;
			sourceTree = "<group>";
		};
		041CF8C12B9EF7A8003D2A58 /* Extensions */ = {
			isa = PBXGroup;
			children = (
				041CF8C32B9EF7D1003D2A58 /* UIKit */,
				041CF8C22B9EF7C9003D2A58 /* Foundation */,
			);
			path = Extensions;
			sourceTree = "<group>";
		};
		041CF8C22B9EF7C9003D2A58 /* Foundation */ = {
			isa = PBXGroup;
			children = (
				041CF8B62B9DB2BA003D2A58 /* Date.swift */,
			);
			path = Foundation;
			sourceTree = "<group>";
		};
		041CF8C32B9EF7D1003D2A58 /* UIKit */ = {
			isa = PBXGroup;
			children = (
				041CF8992B8DC0D1003D2A58 /* UIColor+Extension.swift */,
				041CF8BA2B9DCD77003D2A58 /* UIButton+Extension.swift */,
				041CF8FC2BA32BB8003D2A58 /* UIView+Extension.swift */,
				041CF9002BA3793E003D2A58 /* UILabek+Extension.swift */,
				041CF9262BB59FFA003D2A58 /* UIViewController+Extension.swift */,
			);
			path = UIKit;
			sourceTree = "<group>";
		};
		041CF8C42B9EFB7F003D2A58 /* Models */ = {
			isa = PBXGroup;
			children = (
			);
			path = Models;
			sourceTree = "<group>";
		};
		041CF8C52B9EFD66003D2A58 /* MainScenes */ = {
			isa = PBXGroup;
			children = (
				041CF8C62B9EFDB3003D2A58 /* MainTabBarController.swift */,
				041CF8C82B9EFDF9003D2A58 /* HomeScenes */,
				041CF8C92B9EFE0E003D2A58 /* SearchScenes */,
				041CF8CA2B9EFE1E003D2A58 /* FavoriteScenes */,
				041CF8CB2B9EFE27003D2A58 /* ProfileScenes */,
				041CF8F92BA30F73003D2A58 /* MovieInfoScene */,
				041CF9052BA72F8F003D2A58 /* SeriesScene */,
			);
			path = MainScenes;
			sourceTree = "<group>";
		};
		041CF8C82B9EFDF9003D2A58 /* HomeScenes */ = {
			isa = PBXGroup;
			children = (
				041CF8CD2B9EFE50003D2A58 /* HomeViewController.swift */,
				041CF8D52B9F16E6003D2A58 /* TableViewCells */,
			);
			path = HomeScenes;
			sourceTree = "<group>";
		};
		041CF8C92B9EFE0E003D2A58 /* SearchScenes */ = {
			isa = PBXGroup;
			children = (
				041CF8CF2B9EFE5B003D2A58 /* SearchViewController.swift */,
				041CF90C2BAAA9F3003D2A58 /* ContentCategoryCollectionViewCell.swift */,
				041CF9102BAAB9A0003D2A58 /* SearchResultViewController.swift */,
				041CF9122BAABA31003D2A58 /* MovieTableViewCell.swift */,
			);
			path = SearchScenes;
			sourceTree = "<group>";
		};
		041CF8CA2B9EFE1E003D2A58 /* FavoriteScenes */ = {
			isa = PBXGroup;
			children = (
				041CF8D12B9EFE78003D2A58 /* FavoritesViewController.swift */,
			);
			path = FavoriteScenes;
			sourceTree = "<group>";
		};
		041CF8CB2B9EFE27003D2A58 /* ProfileScenes */ = {
			isa = PBXGroup;
			children = (
				041CF9282BB5D12F003D2A58 /* ProfileNavigationViewController.swift */,
				041CF8D32B9EFE86003D2A58 /* ProfileViewController.swift */,
				041CF9142BB2B96B003D2A58 /* TableViewCells */,
				041CF91D2BB5816E003D2A58 /* PersonalDataScene */,
				041CF9212BB58D90003D2A58 /* SelectionLanguageScene */,
			);
			path = ProfileScenes;
			sourceTree = "<group>";
		};
		041CF8D52B9F16E6003D2A58 /* TableViewCells */ = {
			isa = PBXGroup;
			children = (
				041CF8DA2BA17139003D2A58 /* HeaderScene */,
				041CF8DE2BA1D1E6003D2A58 /* KeepWatchingScene */,
				041CF8E32BA1D8C8003D2A58 /* GalleryListScene */,
				041CF8E82BA1E3D0003D2A58 /* GenresScene */,
			);
			path = TableViewCells;
			sourceTree = "<group>";
		};
		041CF8DA2BA17139003D2A58 /* HeaderScene */ = {
			isa = PBXGroup;
			children = (
				041CF8D82BA168BF003D2A58 /* HeaderTableViewCell.swift */,
				041CF8DC2BA1A698003D2A58 /* RecomendationCollectionViewCell.swift */,
			);
			path = HeaderScene;
			sourceTree = "<group>";
		};
		041CF8DE2BA1D1E6003D2A58 /* KeepWatchingScene */ = {
			isa = PBXGroup;
			children = (
				041CF8E12BA1D210003D2A58 /* KeepWatchingTableViewCell.swift */,
				041CF8DF2BA1D201003D2A58 /* KeepWatchingCollectionViewCell.swift */,
			);
			path = KeepWatchingScene;
			sourceTree = "<group>";
		};
		041CF8E32BA1D8C8003D2A58 /* GalleryListScene */ = {
			isa = PBXGroup;
			children = (
				041CF8E42BA1D904003D2A58 /* GalleryListTableViewCell.swift */,
				041CF8E62BA1D914003D2A58 /* GalleryListCollectionViewCell.swift */,
			);
			path = GalleryListScene;
			sourceTree = "<group>";
		};
		041CF8E82BA1E3D0003D2A58 /* GenresScene */ = {
			isa = PBXGroup;
			children = (
				041CF8EB2BA1E447003D2A58 /* MovieCardTableViewCell.swift */,
				041CF8E92BA1E436003D2A58 /* MovieCardCollectionViewCell.swift */,
			);
			path = GenresScene;
			sourceTree = "<group>";
		};
		041CF8F92BA30F73003D2A58 /* MovieInfoScene */ = {
			isa = PBXGroup;
			children = (
				041CF8FA2BA30FCA003D2A58 /* MovieInfoViewController.swift */,
				041CF9032BA4A227003D2A58 /* ScreenshotCollectionViewCell.swift */,
			);
			path = MovieInfoScene;
			sourceTree = "<group>";
		};
		041CF9052BA72F8F003D2A58 /* SeriesScene */ = {
			isa = PBXGroup;
			children = (
				041CF9062BA72FE0003D2A58 /* SeriesViewController.swift */,
				041CF9082BA732FC003D2A58 /* SeasonCollectionViewCell.swift */,
				041CF90A2BA7331A003D2A58 /* SeriesTableViewCell.swift */,
			);
			path = SeriesScene;
			sourceTree = "<group>";
		};
		041CF9142BB2B96B003D2A58 /* TableViewCells */ = {
			isa = PBXGroup;
			children = (
				041CF9172BB3FD19003D2A58 /* ProfileHeaderView.swift */,
				041CF9152BB2B988003D2A58 /* ProfileSectionTableViewCell.swift */,
			);
			path = TableViewCells;
			sourceTree = "<group>";
		};
		041CF91D2BB5816E003D2A58 /* PersonalDataScene */ = {
			isa = PBXGroup;
			children = (
				041CF91B2BB580F1003D2A58 /* PersonalDataViewController.swift */,
				041CF91E2BB5817E003D2A58 /* Cells */,
			);
			path = PersonalDataScene;
			sourceTree = "<group>";
		};
		041CF91E2BB5817E003D2A58 /* Cells */ = {
			isa = PBXGroup;
			children = (
				041CF91F2BB581A4003D2A58 /* PersonalDataTableViewCell.swift */,
			);
			path = Cells;
			sourceTree = "<group>";
		};
		041CF9212BB58D90003D2A58 /* SelectionLanguageScene */ = {
			isa = PBXGroup;
			children = (
				041CF9222BB58DB7003D2A58 /* SelectionLanguageViewController.swift */,
				041CF9242BB59059003D2A58 /* SelectionLanguageTableViewCell.swift */,
			);
			path = SelectionLanguageScene;
			sourceTree = "<group>";
		};
		5FC9CEC952E7F0CF13D08A22 /* Frameworks */ = {
			isa = PBXGroup;
			children = (
				D8010A3BEE7B59114DA5A385 /* Pods_ozinshe_demo_sanzhar.framework */,
			);
			name = Frameworks;
			sourceTree = "<group>";
		};
		F7C42A24DE7DDB949213309F /* Pods */ = {
			isa = PBXGroup;
			children = (
				9EAAE6065F463FB9FAE00738 /* Pods-ozinshe-demo-sanzhar.debug.xcconfig */,
				B96DE1D9B39017AC4B9D0DC9 /* Pods-ozinshe-demo-sanzhar.release.xcconfig */,
			);
			path = Pods;
			sourceTree = "<group>";
		};
/* End PBXGroup section */

/* Begin PBXNativeTarget section */
		041CF8772B8CB33F003D2A58 /* ozinshe-demo-sanzhar */ = {
			isa = PBXNativeTarget;
			buildConfigurationList = 041CF88C2B8CB340003D2A58 /* Build configuration list for PBXNativeTarget "ozinshe-demo-sanzhar" */;
			buildPhases = (
				AFA7659EF2E43E0CC75AC1A4 /* [CP] Check Pods Manifest.lock */,
				041CF8742B8CB33F003D2A58 /* Sources */,
				041CF8752B8CB33F003D2A58 /* Frameworks */,
				041CF8762B8CB33F003D2A58 /* Resources */,
				3533118502E113FD9CB79373 /* [CP] Embed Pods Frameworks */,
			);
			buildRules = (
			);
			dependencies = (
			);
			name = "ozinshe-demo-sanzhar";
			productName = "ozinshe-demo-sanzhar";
			productReference = 041CF8782B8CB33F003D2A58 /* ozinshe-demo-sanzhar.app */;
			productType = "com.apple.product-type.application";
		};
/* End PBXNativeTarget section */

/* Begin PBXProject section */
		041CF8702B8CB33F003D2A58 /* Project object */ = {
			isa = PBXProject;
			attributes = {
				BuildIndependentTargetsInParallel = 1;
				LastSwiftUpdateCheck = 1520;
				LastUpgradeCheck = 1520;
				TargetAttributes = {
					041CF8772B8CB33F003D2A58 = {
						CreatedOnToolsVersion = 15.2;
					};
				};
			};
			buildConfigurationList = 041CF8732B8CB33F003D2A58 /* Build configuration list for PBXProject "ozinshe-demo-sanzhar" */;
			compatibilityVersion = "Xcode 14.0";
			developmentRegion = en;
			hasScannedForEncodings = 0;
			knownRegions = (
				en,
				Base,
				"kk-KZ",
				ru,
			);
			mainGroup = 041CF86F2B8CB33F003D2A58;
			productRefGroup = 041CF8792B8CB33F003D2A58 /* Products */;
			projectDirPath = "";
			projectRoot = "";
			targets = (
				041CF8772B8CB33F003D2A58 /* ozinshe-demo-sanzhar */,
			);
		};
/* End PBXProject section */

/* Begin PBXResourcesBuildPhase section */
		041CF8762B8CB33F003D2A58 /* Resources */ = {
			isa = PBXResourcesBuildPhase;
			buildActionMask = 2147483647;
			files = (
				041CF8882B8CB340003D2A58 /* LaunchScreen.storyboard in Resources */,
				041CF8852B8CB340003D2A58 /* Assets.xcassets in Resources */,
				041CF89F2B8DC0E9003D2A58 /* Localizable.xcstrings in Resources */,
			);
			runOnlyForDeploymentPostprocessing = 0;
		};
/* End PBXResourcesBuildPhase section */

/* Begin PBXShellScriptBuildPhase section */
		3533118502E113FD9CB79373 /* [CP] Embed Pods Frameworks */ = {
			isa = PBXShellScriptBuildPhase;
			buildActionMask = 2147483647;
			files = (
			);
			inputFileListPaths = (
				"${PODS_ROOT}/Target Support Files/Pods-ozinshe-demo-sanzhar/Pods-ozinshe-demo-sanzhar-frameworks-${CONFIGURATION}-input-files.xcfilelist",
			);
			name = "[CP] Embed Pods Frameworks";
			outputFileListPaths = (
				"${PODS_ROOT}/Target Support Files/Pods-ozinshe-demo-sanzhar/Pods-ozinshe-demo-sanzhar-frameworks-${CONFIGURATION}-output-files.xcfilelist",
			);
			runOnlyForDeploymentPostprocessing = 0;
			shellPath = /bin/sh;
			shellScript = "\"${PODS_ROOT}/Target Support Files/Pods-ozinshe-demo-sanzhar/Pods-ozinshe-demo-sanzhar-frameworks.sh\"\n";
			showEnvVarsInLog = 0;
		};
		AFA7659EF2E43E0CC75AC1A4 /* [CP] Check Pods Manifest.lock */ = {
			isa = PBXShellScriptBuildPhase;
			buildActionMask = 2147483647;
			files = (
			);
			inputFileListPaths = (
			);
			inputPaths = (
				"${PODS_PODFILE_DIR_PATH}/Podfile.lock",
				"${PODS_ROOT}/Manifest.lock",
			);
			name = "[CP] Check Pods Manifest.lock";
			outputFileListPaths = (
			);
			outputPaths = (
				"$(DERIVED_FILE_DIR)/Pods-ozinshe-demo-sanzhar-checkManifestLockResult.txt",
			);
			runOnlyForDeploymentPostprocessing = 0;
			shellPath = /bin/sh;
			shellScript = "diff \"${PODS_PODFILE_DIR_PATH}/Podfile.lock\" \"${PODS_ROOT}/Manifest.lock\" > /dev/null\nif [ $? != 0 ] ; then\n    # print error to STDERR\n    echo \"error: The sandbox is not in sync with the Podfile.lock. Run 'pod install' or update your CocoaPods installation.\" >&2\n    exit 1\nfi\n# This output is used by Xcode 'outputs' to avoid re-running this script phase.\necho \"SUCCESS\" > \"${SCRIPT_OUTPUT_FILE_0}\"\n";
			showEnvVarsInLog = 0;
		};
/* End PBXShellScriptBuildPhase section */

/* Begin PBXSourcesBuildPhase section */
		041CF8742B8CB33F003D2A58 /* Sources */ = {
			isa = PBXSourcesBuildPhase;
			buildActionMask = 2147483647;
			files = (
				041CF9292BB5D12F003D2A58 /* ProfileNavigationViewController.swift in Sources */,
				041CF8DD2BA1A698003D2A58 /* RecomendationCollectionViewCell.swift in Sources */,
				041CF8EE2BA1E84A003D2A58 /* StaticData.swift in Sources */,
				041CF8BD2B9DD42E003D2A58 /* SignUpViewController.swift in Sources */,
				041CF8E52BA1D904003D2A58 /* GalleryListTableViewCell.swift in Sources */,
				041CF8A42B8DF7B4003D2A58 /* Screen.swift in Sources */,
				041CF9092BA732FC003D2A58 /* SeasonCollectionViewCell.swift in Sources */,
				041CF9252BB59059003D2A58 /* SelectionLanguageTableViewCell.swift in Sources */,
				041CF89D2B8DC0D9003D2A58 /* ColorPalette.swift in Sources */,
				041CF9162BB2B988003D2A58 /* ProfileSectionTableViewCell.swift in Sources */,
				041CF8C72B9EFDB3003D2A58 /* MainTabBarController.swift in Sources */,
				041CF8D02B9EFE5B003D2A58 /* SearchViewController.swift in Sources */,
				041CF8AB2B8E1734003D2A58 /* OZPageControl.swift in Sources */,
				041CF8CE2B9EFE50003D2A58 /* HomeViewController.swift in Sources */,
				041CF9012BA3793E003D2A58 /* UILabek+Extension.swift in Sources */,
				041CF8B02B8E433C003D2A58 /* OZTextField.swift in Sources */,
				041CF8EC2BA1E447003D2A58 /* MovieCardTableViewCell.swift in Sources */,
				041CF90B2BA7331A003D2A58 /* SeriesTableViewCell.swift in Sources */,
				041CF8802B8CB33F003D2A58 /* CarouselViewController.swift in Sources */,
				041CF91C2BB580F1003D2A58 /* PersonalDataViewController.swift in Sources */,
				041CF8E22BA1D210003D2A58 /* KeepWatchingTableViewCell.swift in Sources */,
				041CF9202BB581A4003D2A58 /* PersonalDataTableViewCell.swift in Sources */,
				041CF8FB2BA30FCA003D2A58 /* MovieInfoViewController.swift in Sources */,
				041CF9042BA4A227003D2A58 /* ScreenshotCollectionViewCell.swift in Sources */,
				041CF8BB2B9DCD77003D2A58 /* UIButton+Extension.swift in Sources */,
				041CF9232BB58DB7003D2A58 /* SelectionLanguageViewController.swift in Sources */,
				041CF89A2B8DC0D1003D2A58 /* UIColor+Extension.swift in Sources */,
				041CF8A22B8DD2D9003D2A58 /* CarouselCell.swift in Sources */,
				041CF8FD2BA32BB8003D2A58 /* UIView+Extension.swift in Sources */,
				041CF8EA2BA1E436003D2A58 /* MovieCardCollectionViewCell.swift in Sources */,
				041CF9182BB3FD19003D2A58 /* ProfileHeaderView.swift in Sources */,
				041CF9272BB59FFA003D2A58 /* UIViewController+Extension.swift in Sources */,
				041CF87C2B8CB33F003D2A58 /* AppDelegate.swift in Sources */,
				041CF9072BA72FE0003D2A58 /* SeriesViewController.swift in Sources */,
				041CF8A72B8E00F2003D2A58 /* OZButton.swift in Sources */,
				041CF8B22B9DA043003D2A58 /* OZTextFieldView.swift in Sources */,
				041CF8E02BA1D201003D2A58 /* KeepWatchingCollectionViewCell.swift in Sources */,
				041CF8AE2B8E22B2003D2A58 /* SignInViewController.swift in Sources */,
				041CF9132BAABA31003D2A58 /* MovieTableViewCell.swift in Sources */,
				041CF8D92BA168BF003D2A58 /* HeaderTableViewCell.swift in Sources */,
				041CF8B92B9DB312003D2A58 /* Logger.swift in Sources */,
				041CF90D2BAAA9F3003D2A58 /* ContentCategoryCollectionViewCell.swift in Sources */,
				041CF8B72B9DB2BA003D2A58 /* Date.swift in Sources */,
				041CF8E72BA1D914003D2A58 /* GalleryListCollectionViewCell.swift in Sources */,
				041CF8D42B9EFE86003D2A58 /* ProfileViewController.swift in Sources */,
				041CF8D22B9EFE78003D2A58 /* FavoritesViewController.swift in Sources */,
				041CF9112BAAB9A0003D2A58 /* SearchResultViewController.swift in Sources */,
				041CF87E2B8CB33F003D2A58 /* SceneDelegate.swift in Sources */,
			);
			runOnlyForDeploymentPostprocessing = 0;
		};
/* End PBXSourcesBuildPhase section */

/* Begin PBXVariantGroup section */
		041CF8862B8CB340003D2A58 /* LaunchScreen.storyboard */ = {
			isa = PBXVariantGroup;
			children = (
				041CF8872B8CB340003D2A58 /* Base */,
			);
			name = LaunchScreen.storyboard;
			sourceTree = "<group>";
		};
/* End PBXVariantGroup section */

/* Begin XCBuildConfiguration section */
		041CF88A2B8CB340003D2A58 /* Debug */ = {
			isa = XCBuildConfiguration;
			buildSettings = {
				ALWAYS_SEARCH_USER_PATHS = NO;
				ASSETCATALOG_COMPILER_GENERATE_SWIFT_ASSET_SYMBOL_EXTENSIONS = YES;
				CLANG_ANALYZER_NONNULL = YES;
				CLANG_ANALYZER_NUMBER_OBJECT_CONVERSION = YES_AGGRESSIVE;
				CLANG_CXX_LANGUAGE_STANDARD = "gnu++20";
				CLANG_ENABLE_MODULES = YES;
				CLANG_ENABLE_OBJC_ARC = YES;
				CLANG_ENABLE_OBJC_WEAK = YES;
				CLANG_WARN_BLOCK_CAPTURE_AUTORELEASING = YES;
				CLANG_WARN_BOOL_CONVERSION = YES;
				CLANG_WARN_COMMA = YES;
				CLANG_WARN_CONSTANT_CONVERSION = YES;
				CLANG_WARN_DEPRECATED_OBJC_IMPLEMENTATIONS = YES;
				CLANG_WARN_DIRECT_OBJC_ISA_USAGE = YES_ERROR;
				CLANG_WARN_DOCUMENTATION_COMMENTS = YES;
				CLANG_WARN_EMPTY_BODY = YES;
				CLANG_WARN_ENUM_CONVERSION = YES;
				CLANG_WARN_INFINITE_RECURSION = YES;
				CLANG_WARN_INT_CONVERSION = YES;
				CLANG_WARN_NON_LITERAL_NULL_CONVERSION = YES;
				CLANG_WARN_OBJC_IMPLICIT_RETAIN_SELF = YES;
				CLANG_WARN_OBJC_LITERAL_CONVERSION = YES;
				CLANG_WARN_OBJC_ROOT_CLASS = YES_ERROR;
				CLANG_WARN_QUOTED_INCLUDE_IN_FRAMEWORK_HEADER = YES;
				CLANG_WARN_RANGE_LOOP_ANALYSIS = YES;
				CLANG_WARN_STRICT_PROTOTYPES = YES;
				CLANG_WARN_SUSPICIOUS_MOVE = YES;
				CLANG_WARN_UNGUARDED_AVAILABILITY = YES_AGGRESSIVE;
				CLANG_WARN_UNREACHABLE_CODE = YES;
				CLANG_WARN__DUPLICATE_METHOD_MATCH = YES;
				COPY_PHASE_STRIP = NO;
				DEBUG_INFORMATION_FORMAT = dwarf;
				ENABLE_STRICT_OBJC_MSGSEND = YES;
				ENABLE_TESTABILITY = YES;
				ENABLE_USER_SCRIPT_SANDBOXING = YES;
				GCC_C_LANGUAGE_STANDARD = gnu17;
				GCC_DYNAMIC_NO_PIC = NO;
				GCC_NO_COMMON_BLOCKS = YES;
				GCC_OPTIMIZATION_LEVEL = 0;
				GCC_PREPROCESSOR_DEFINITIONS = (
					"DEBUG=1",
					"$(inherited)",
				);
				GCC_WARN_64_TO_32_BIT_CONVERSION = YES;
				GCC_WARN_ABOUT_RETURN_TYPE = YES_ERROR;
				GCC_WARN_UNDECLARED_SELECTOR = YES;
				GCC_WARN_UNINITIALIZED_AUTOS = YES_AGGRESSIVE;
				GCC_WARN_UNUSED_FUNCTION = YES;
				GCC_WARN_UNUSED_VARIABLE = YES;
				IPHONEOS_DEPLOYMENT_TARGET = 17.2;
				LOCALIZATION_PREFERS_STRING_CATALOGS = YES;
				MTL_ENABLE_DEBUG_INFO = INCLUDE_SOURCE;
				MTL_FAST_MATH = YES;
				ONLY_ACTIVE_ARCH = YES;
				SDKROOT = iphoneos;
				SWIFT_ACTIVE_COMPILATION_CONDITIONS = "DEBUG $(inherited)";
				SWIFT_OPTIMIZATION_LEVEL = "-Onone";
			};
			name = Debug;
		};
		041CF88B2B8CB340003D2A58 /* Release */ = {
			isa = XCBuildConfiguration;
			buildSettings = {
				ALWAYS_SEARCH_USER_PATHS = NO;
				ASSETCATALOG_COMPILER_GENERATE_SWIFT_ASSET_SYMBOL_EXTENSIONS = YES;
				CLANG_ANALYZER_NONNULL = YES;
				CLANG_ANALYZER_NUMBER_OBJECT_CONVERSION = YES_AGGRESSIVE;
				CLANG_CXX_LANGUAGE_STANDARD = "gnu++20";
				CLANG_ENABLE_MODULES = YES;
				CLANG_ENABLE_OBJC_ARC = YES;
				CLANG_ENABLE_OBJC_WEAK = YES;
				CLANG_WARN_BLOCK_CAPTURE_AUTORELEASING = YES;
				CLANG_WARN_BOOL_CONVERSION = YES;
				CLANG_WARN_COMMA = YES;
				CLANG_WARN_CONSTANT_CONVERSION = YES;
				CLANG_WARN_DEPRECATED_OBJC_IMPLEMENTATIONS = YES;
				CLANG_WARN_DIRECT_OBJC_ISA_USAGE = YES_ERROR;
				CLANG_WARN_DOCUMENTATION_COMMENTS = YES;
				CLANG_WARN_EMPTY_BODY = YES;
				CLANG_WARN_ENUM_CONVERSION = YES;
				CLANG_WARN_INFINITE_RECURSION = YES;
				CLANG_WARN_INT_CONVERSION = YES;
				CLANG_WARN_NON_LITERAL_NULL_CONVERSION = YES;
				CLANG_WARN_OBJC_IMPLICIT_RETAIN_SELF = YES;
				CLANG_WARN_OBJC_LITERAL_CONVERSION = YES;
				CLANG_WARN_OBJC_ROOT_CLASS = YES_ERROR;
				CLANG_WARN_QUOTED_INCLUDE_IN_FRAMEWORK_HEADER = YES;
				CLANG_WARN_RANGE_LOOP_ANALYSIS = YES;
				CLANG_WARN_STRICT_PROTOTYPES = YES;
				CLANG_WARN_SUSPICIOUS_MOVE = YES;
				CLANG_WARN_UNGUARDED_AVAILABILITY = YES_AGGRESSIVE;
				CLANG_WARN_UNREACHABLE_CODE = YES;
				CLANG_WARN__DUPLICATE_METHOD_MATCH = YES;
				COPY_PHASE_STRIP = NO;
				DEBUG_INFORMATION_FORMAT = "dwarf-with-dsym";
				ENABLE_NS_ASSERTIONS = NO;
				ENABLE_STRICT_OBJC_MSGSEND = YES;
				ENABLE_USER_SCRIPT_SANDBOXING = YES;
				GCC_C_LANGUAGE_STANDARD = gnu17;
				GCC_NO_COMMON_BLOCKS = YES;
				GCC_WARN_64_TO_32_BIT_CONVERSION = YES;
				GCC_WARN_ABOUT_RETURN_TYPE = YES_ERROR;
				GCC_WARN_UNDECLARED_SELECTOR = YES;
				GCC_WARN_UNINITIALIZED_AUTOS = YES_AGGRESSIVE;
				GCC_WARN_UNUSED_FUNCTION = YES;
				GCC_WARN_UNUSED_VARIABLE = YES;
				IPHONEOS_DEPLOYMENT_TARGET = 17.2;
				LOCALIZATION_PREFERS_STRING_CATALOGS = YES;
				MTL_ENABLE_DEBUG_INFO = NO;
				MTL_FAST_MATH = YES;
				SDKROOT = iphoneos;
				SWIFT_COMPILATION_MODE = wholemodule;
				VALIDATE_PRODUCT = YES;
			};
			name = Release;
		};
		041CF88D2B8CB340003D2A58 /* Debug */ = {
			isa = XCBuildConfiguration;
			baseConfigurationReference = 9EAAE6065F463FB9FAE00738 /* Pods-ozinshe-demo-sanzhar.debug.xcconfig */;
			buildSettings = {
				ASSETCATALOG_COMPILER_APPICON_NAME = AppIcon;
				ASSETCATALOG_COMPILER_GLOBAL_ACCENT_COLOR_NAME = AccentColor;
				CODE_SIGN_STYLE = Automatic;
				CURRENT_PROJECT_VERSION = 1;
				DEVELOPMENT_TEAM = N53NK75LZU;
				ENABLE_USER_SCRIPT_SANDBOXING = NO;
				GENERATE_INFOPLIST_FILE = YES;
				INFOPLIST_FILE = "ozinshe-demo-sanzhar/Info.plist";
				INFOPLIST_KEY_CFBundleDisplayName = "ÖZINŞE";
				INFOPLIST_KEY_UIApplicationSupportsIndirectInputEvents = YES;
				INFOPLIST_KEY_UILaunchStoryboardName = LaunchScreen;
				INFOPLIST_KEY_UISupportedInterfaceOrientations_iPad = "UIInterfaceOrientationPortrait UIInterfaceOrientationPortraitUpsideDown UIInterfaceOrientationLandscapeLeft UIInterfaceOrientationLandscapeRight";
				INFOPLIST_KEY_UISupportedInterfaceOrientations_iPhone = "UIInterfaceOrientationPortrait UIInterfaceOrientationLandscapeLeft UIInterfaceOrientationLandscapeRight";
				IPHONEOS_DEPLOYMENT_TARGET = 13.0;
				LD_RUNPATH_SEARCH_PATHS = (
					"$(inherited)",
					"@executable_path/Frameworks",
				);
				MARKETING_VERSION = 1.0;
				PRODUCT_BUNDLE_IDENTIFIER = "com.ayu.ozinshe-demo-sanzhar";
				PRODUCT_NAME = "$(TARGET_NAME)";
				SWIFT_EMIT_LOC_STRINGS = YES;
				SWIFT_VERSION = 5.0;
				TARGETED_DEVICE_FAMILY = "1,2";
			};
			name = Debug;
		};
		041CF88E2B8CB340003D2A58 /* Release */ = {
			isa = XCBuildConfiguration;
			baseConfigurationReference = B96DE1D9B39017AC4B9D0DC9 /* Pods-ozinshe-demo-sanzhar.release.xcconfig */;
			buildSettings = {
				ASSETCATALOG_COMPILER_APPICON_NAME = AppIcon;
				ASSETCATALOG_COMPILER_GLOBAL_ACCENT_COLOR_NAME = AccentColor;
				CODE_SIGN_STYLE = Automatic;
				CURRENT_PROJECT_VERSION = 1;
				DEVELOPMENT_TEAM = N53NK75LZU;
				ENABLE_USER_SCRIPT_SANDBOXING = NO;
				GENERATE_INFOPLIST_FILE = YES;
				INFOPLIST_FILE = "ozinshe-demo-sanzhar/Info.plist";
				INFOPLIST_KEY_CFBundleDisplayName = "ÖZINŞE";
				INFOPLIST_KEY_UIApplicationSupportsIndirectInputEvents = YES;
				INFOPLIST_KEY_UILaunchStoryboardName = LaunchScreen;
				INFOPLIST_KEY_UISupportedInterfaceOrientations_iPad = "UIInterfaceOrientationPortrait UIInterfaceOrientationPortraitUpsideDown UIInterfaceOrientationLandscapeLeft UIInterfaceOrientationLandscapeRight";
				INFOPLIST_KEY_UISupportedInterfaceOrientations_iPhone = "UIInterfaceOrientationPortrait UIInterfaceOrientationLandscapeLeft UIInterfaceOrientationLandscapeRight";
				IPHONEOS_DEPLOYMENT_TARGET = 13.0;
				LD_RUNPATH_SEARCH_PATHS = (
					"$(inherited)",
					"@executable_path/Frameworks",
				);
				MARKETING_VERSION = 1.0;
				PRODUCT_BUNDLE_IDENTIFIER = "com.ayu.ozinshe-demo-sanzhar";
				PRODUCT_NAME = "$(TARGET_NAME)";
				SWIFT_EMIT_LOC_STRINGS = YES;
				SWIFT_VERSION = 5.0;
				TARGETED_DEVICE_FAMILY = "1,2";
			};
			name = Release;
		};
/* End XCBuildConfiguration section */

/* Begin XCConfigurationList section */
		041CF8732B8CB33F003D2A58 /* Build configuration list for PBXProject "ozinshe-demo-sanzhar" */ = {
			isa = XCConfigurationList;
			buildConfigurations = (
				041CF88A2B8CB340003D2A58 /* Debug */,
				041CF88B2B8CB340003D2A58 /* Release */,
			);
			defaultConfigurationIsVisible = 0;
			defaultConfigurationName = Release;
		};
		041CF88C2B8CB340003D2A58 /* Build configuration list for PBXNativeTarget "ozinshe-demo-sanzhar" */ = {
			isa = XCConfigurationList;
			buildConfigurations = (
				041CF88D2B8CB340003D2A58 /* Debug */,
				041CF88E2B8CB340003D2A58 /* Release */,
			);
			defaultConfigurationIsVisible = 0;
			defaultConfigurationName = Release;
		};
/* End XCConfigurationList section */
	};
	rootObject = 041CF8702B8CB33F003D2A58 /* Project object */;
}
