// !$*UTF8*$!
{
	archiveVersion = 1;
	classes = {
	};
	objectVersion = 56;
	objects = {

/* Begin PBXBuildFile section */
		0402B81F2BBF36CF00E1DB49 /* Int+Extension.swift in Sources */ = {isa = PBXBuildFile; fileRef = 0402B81E2BBF36CF00E1DB49 /* Int+Extension.swift */; };
		0402B8222BBF430100E1DB49 /* MoviePlayerViewController.swift in Sources */ = {isa = PBXBuildFile; fileRef = 0402B8212BBF430100E1DB49 /* MoviePlayerViewController.swift */; };
		0402B8252BBF4FC300E1DB49 /* UIImage+Extension.swift in Sources */ = {isa = PBXBuildFile; fileRef = 0402B8242BBF4FC300E1DB49 /* UIImage+Extension.swift */; };
		0402B82C2BC0065700E1DB49 /* Float+Extension.swift in Sources */ = {isa = PBXBuildFile; fileRef = 0402B82B2BC0065700E1DB49 /* Float+Extension.swift */; };
		0402B82E2BC1985500E1DB49 /* MovieCategory.swift in Sources */ = {isa = PBXBuildFile; fileRef = 0402B82D2BC1985500E1DB49 /* MovieCategory.swift */; };
		0402B8302BC19C8900E1DB49 /* LeftAlignedCollectionViewFlowLayout.swift in Sources */ = {isa = PBXBuildFile; fileRef = 0402B82F2BC19C8900E1DB49 /* LeftAlignedCollectionViewFlowLayout.swift */; };
		0402B8352BC2E2C800E1DB49 /* ActivityItemSource.swift in Sources */ = {isa = PBXBuildFile; fileRef = 0402B8342BC2E2C800E1DB49 /* ActivityItemSource.swift */; };
		0402B8372BC2F9F500E1DB49 /* UserProfile.swift in Sources */ = {isa = PBXBuildFile; fileRef = 0402B8362BC2F9F500E1DB49 /* UserProfile.swift */; };
		0402B83C2BC44A8F00E1DB49 /* GradientView.swift in Sources */ = {isa = PBXBuildFile; fileRef = 0402B83B2BC44A8F00E1DB49 /* GradientView.swift */; };
		041CF87C2B8CB33F003D2A58 /* AppDelegate.swift in Sources */ = {isa = PBXBuildFile; fileRef = 041CF87B2B8CB33F003D2A58 /* AppDelegate.swift */; };
		041CF87E2B8CB33F003D2A58 /* SceneDelegate.swift in Sources */ = {isa = PBXBuildFile; fileRef = 041CF87D2B8CB33F003D2A58 /* SceneDelegate.swift */; };
		041CF8802B8CB33F003D2A58 /* CarouselViewController.swift in Sources */ = {isa = PBXBuildFile; fileRef = 041CF87F2B8CB33F003D2A58 /* CarouselViewController.swift */; };
		041CF8852B8CB340003D2A58 /* Assets.xcassets in Resources */ = {isa = PBXBuildFile; fileRef = 041CF8842B8CB340003D2A58 /* Assets.xcassets */; };
		041CF8882B8CB340003D2A58 /* LaunchScreen.storyboard in Resources */ = {isa = PBXBuildFile; fileRef = 041CF8862B8CB340003D2A58 /* LaunchScreen.storyboard */; };
		041CF89A2B8DC0D1003D2A58 /* UIColor+Extension.swift in Sources */ = {isa = PBXBuildFile; fileRef = 041CF8992B8DC0D1003D2A58 /* UIColor+Extension.swift */; };
		041CF89D2B8DC0D9003D2A58 /* Style.swift in Sources */ = {isa = PBXBuildFile; fileRef = 041CF89C2B8DC0D9003D2A58 /* Style.swift */; };
		041CF8A22B8DD2D9003D2A58 /* CarouselCell.swift in Sources */ = {isa = PBXBuildFile; fileRef = 041CF8A12B8DD2D9003D2A58 /* CarouselCell.swift */; };
		041CF8A42B8DF7B4003D2A58 /* Screen.swift in Sources */ = {isa = PBXBuildFile; fileRef = 041CF8A32B8DF7B4003D2A58 /* Screen.swift */; };
		041CF8A72B8E00F2003D2A58 /* OZButton.swift in Sources */ = {isa = PBXBuildFile; fileRef = 041CF8A62B8E00F2003D2A58 /* OZButton.swift */; };
		041CF8AB2B8E1734003D2A58 /* OZPageControl.swift in Sources */ = {isa = PBXBuildFile; fileRef = 041CF8AA2B8E1734003D2A58 /* OZPageControl.swift */; };
		041CF8AE2B8E22B2003D2A58 /* SignInViewController.swift in Sources */ = {isa = PBXBuildFile; fileRef = 041CF8AD2B8E22B2003D2A58 /* SignInViewController.swift */; };
		041CF8B02B8E433C003D2A58 /* OZTextField.swift in Sources */ = {isa = PBXBuildFile; fileRef = 041CF8AF2B8E433C003D2A58 /* OZTextField.swift */; };
		041CF8B22B9DA043003D2A58 /* OZTextFieldView.swift in Sources */ = {isa = PBXBuildFile; fileRef = 041CF8B12B9DA043003D2A58 /* OZTextFieldView.swift */; };
		041CF8B72B9DB2BA003D2A58 /* Date+Extentsion.swift in Sources */ = {isa = PBXBuildFile; fileRef = 041CF8B62B9DB2BA003D2A58 /* Date+Extentsion.swift */; };
		041CF8B92B9DB312003D2A58 /* Logger.swift in Sources */ = {isa = PBXBuildFile; fileRef = 041CF8B82B9DB312003D2A58 /* Logger.swift */; };
		041CF8BB2B9DCD77003D2A58 /* UIButton+Extension.swift in Sources */ = {isa = PBXBuildFile; fileRef = 041CF8BA2B9DCD77003D2A58 /* UIButton+Extension.swift */; };
		041CF8BD2B9DD42E003D2A58 /* SignUpViewController.swift in Sources */ = {isa = PBXBuildFile; fileRef = 041CF8BC2B9DD42E003D2A58 /* SignUpViewController.swift */; };
		041CF8C72B9EFDB3003D2A58 /* MainTabBarController.swift in Sources */ = {isa = PBXBuildFile; fileRef = 041CF8C62B9EFDB3003D2A58 /* MainTabBarController.swift */; };
		041CF8CE2B9EFE50003D2A58 /* HomeViewController.swift in Sources */ = {isa = PBXBuildFile; fileRef = 041CF8CD2B9EFE50003D2A58 /* HomeViewController.swift */; };
		041CF8D02B9EFE5B003D2A58 /* SearchViewController.swift in Sources */ = {isa = PBXBuildFile; fileRef = 041CF8CF2B9EFE5B003D2A58 /* SearchViewController.swift */; };
		041CF8D22B9EFE78003D2A58 /* FavoritesViewController.swift in Sources */ = {isa = PBXBuildFile; fileRef = 041CF8D12B9EFE78003D2A58 /* FavoritesViewController.swift */; };
		041CF8D42B9EFE86003D2A58 /* ProfileViewController.swift in Sources */ = {isa = PBXBuildFile; fileRef = 041CF8D32B9EFE86003D2A58 /* ProfileViewController.swift */; };
		041CF8D92BA168BF003D2A58 /* HeaderTableViewCell.swift in Sources */ = {isa = PBXBuildFile; fileRef = 041CF8D82BA168BF003D2A58 /* HeaderTableViewCell.swift */; };
		041CF8DD2BA1A698003D2A58 /* MovieBannerCollectionViewCell.swift in Sources */ = {isa = PBXBuildFile; fileRef = 041CF8DC2BA1A698003D2A58 /* MovieBannerCollectionViewCell.swift */; };
		041CF8E02BA1D201003D2A58 /* KeepWatchingCollectionViewCell.swift in Sources */ = {isa = PBXBuildFile; fileRef = 041CF8DF2BA1D201003D2A58 /* KeepWatchingCollectionViewCell.swift */; };
		041CF8E22BA1D210003D2A58 /* KeepWatchingTableViewCell.swift in Sources */ = {isa = PBXBuildFile; fileRef = 041CF8E12BA1D210003D2A58 /* KeepWatchingTableViewCell.swift */; };
		041CF8EA2BA1E436003D2A58 /* GenresAndAgesCollectionViewCell.swift in Sources */ = {isa = PBXBuildFile; fileRef = 041CF8E92BA1E436003D2A58 /* GenresAndAgesCollectionViewCell.swift */; };
		041CF8EC2BA1E447003D2A58 /* GenresAndAgesSectionTableViewCell.swift in Sources */ = {isa = PBXBuildFile; fileRef = 041CF8EB2BA1E447003D2A58 /* GenresAndAgesSectionTableViewCell.swift */; };
		041CF8EE2BA1E84A003D2A58 /* StaticData.swift in Sources */ = {isa = PBXBuildFile; fileRef = 041CF8ED2BA1E84A003D2A58 /* StaticData.swift */; };
		041CF8FB2BA30FCA003D2A58 /* MovieInfoViewController.swift in Sources */ = {isa = PBXBuildFile; fileRef = 041CF8FA2BA30FCA003D2A58 /* MovieInfoViewController.swift */; };
		041CF8FD2BA32BB8003D2A58 /* UIView+Extension.swift in Sources */ = {isa = PBXBuildFile; fileRef = 041CF8FC2BA32BB8003D2A58 /* UIView+Extension.swift */; };
		041CF9012BA3793E003D2A58 /* UILabel+Extension.swift in Sources */ = {isa = PBXBuildFile; fileRef = 041CF9002BA3793E003D2A58 /* UILabel+Extension.swift */; };
		041CF9042BA4A227003D2A58 /* ScreenshotCollectionViewCell.swift in Sources */ = {isa = PBXBuildFile; fileRef = 041CF9032BA4A227003D2A58 /* ScreenshotCollectionViewCell.swift */; };
		041CF9072BA72FE0003D2A58 /* SeriesViewController.swift in Sources */ = {isa = PBXBuildFile; fileRef = 041CF9062BA72FE0003D2A58 /* SeriesViewController.swift */; };
		041CF9092BA732FC003D2A58 /* SeasonCollectionViewCell.swift in Sources */ = {isa = PBXBuildFile; fileRef = 041CF9082BA732FC003D2A58 /* SeasonCollectionViewCell.swift */; };
		041CF90B2BA7331A003D2A58 /* SeriesTableViewCell.swift in Sources */ = {isa = PBXBuildFile; fileRef = 041CF90A2BA7331A003D2A58 /* SeriesTableViewCell.swift */; };
		041CF90D2BAAA9F3003D2A58 /* ContentCategoryCollectionViewCell.swift in Sources */ = {isa = PBXBuildFile; fileRef = 041CF90C2BAAA9F3003D2A58 /* ContentCategoryCollectionViewCell.swift */; };
		041CF9112BAAB9A0003D2A58 /* MovieListViewController.swift in Sources */ = {isa = PBXBuildFile; fileRef = 041CF9102BAAB9A0003D2A58 /* MovieListViewController.swift */; };
		041CF9132BAABA31003D2A58 /* MovieTableViewCell.swift in Sources */ = {isa = PBXBuildFile; fileRef = 041CF9122BAABA31003D2A58 /* MovieTableViewCell.swift */; };
		041CF9162BB2B988003D2A58 /* ProfileSectionTableViewCell.swift in Sources */ = {isa = PBXBuildFile; fileRef = 041CF9152BB2B988003D2A58 /* ProfileSectionTableViewCell.swift */; };
		041CF9182BB3FD19003D2A58 /* ProfileHeaderView.swift in Sources */ = {isa = PBXBuildFile; fileRef = 041CF9172BB3FD19003D2A58 /* ProfileHeaderView.swift */; };
		041CF91C2BB580F1003D2A58 /* PersonalDataViewController.swift in Sources */ = {isa = PBXBuildFile; fileRef = 041CF91B2BB580F1003D2A58 /* PersonalDataViewController.swift */; };
		041CF9232BB58DB7003D2A58 /* SelectionLanguageViewController.swift in Sources */ = {isa = PBXBuildFile; fileRef = 041CF9222BB58DB7003D2A58 /* SelectionLanguageViewController.swift */; };
		041CF9252BB59059003D2A58 /* SelectionLanguageTableViewCell.swift in Sources */ = {isa = PBXBuildFile; fileRef = 041CF9242BB59059003D2A58 /* SelectionLanguageTableViewCell.swift */; };
		041CF9272BB59FFA003D2A58 /* UIViewController+Extension.swift in Sources */ = {isa = PBXBuildFile; fileRef = 041CF9262BB59FFA003D2A58 /* UIViewController+Extension.swift */; };
		041CF9292BB5D12F003D2A58 /* ProfileNavigationViewController.swift in Sources */ = {isa = PBXBuildFile; fileRef = 041CF9282BB5D12F003D2A58 /* ProfileNavigationViewController.swift */; };
		041CF92B2BB69E33003D2A58 /* OZExpandedView.swift in Sources */ = {isa = PBXBuildFile; fileRef = 041CF92A2BB69E33003D2A58 /* OZExpandedView.swift */; };
		041CF92E2BB6C6EB003D2A58 /* LeaveConfirmationViewController.swift in Sources */ = {isa = PBXBuildFile; fileRef = 041CF92D2BB6C6EB003D2A58 /* LeaveConfirmationViewController.swift */; };
		041CF9312BB7014C003D2A58 /* ChangePasswordViewController.swift in Sources */ = {isa = PBXBuildFile; fileRef = 041CF9302BB7014C003D2A58 /* ChangePasswordViewController.swift */; };
		041CF9342BB70777003D2A58 /* TermsOfUseViewController.swift in Sources */ = {isa = PBXBuildFile; fileRef = 041CF9332BB70777003D2A58 /* TermsOfUseViewController.swift */; };
		041CF9362BB7196A003D2A58 /* SignInNavigationViewController.swift in Sources */ = {isa = PBXBuildFile; fileRef = 041CF9352BB7196A003D2A58 /* SignInNavigationViewController.swift */; };
		041CF9392BB71AE1003D2A58 /* Storage.swift in Sources */ = {isa = PBXBuildFile; fileRef = 041CF9382BB71AE1003D2A58 /* Storage.swift */; };
		041CF93E2BB71E33003D2A58 /* HomeNavigationViewController.swift in Sources */ = {isa = PBXBuildFile; fileRef = 041CF93D2BB71E33003D2A58 /* HomeNavigationViewController.swift */; };
		041CF9402BB71E4F003D2A58 /* SearchNavigationViewController.swift in Sources */ = {isa = PBXBuildFile; fileRef = 041CF93F2BB71E4F003D2A58 /* SearchNavigationViewController.swift */; };
		041CF9442BB71E96003D2A58 /* FavoritesNavigationViewController.swift in Sources */ = {isa = PBXBuildFile; fileRef = 041CF9432BB71E96003D2A58 /* FavoritesNavigationViewController.swift */; };
		041CF9482BBAE305003D2A58 /* Endponts.swift in Sources */ = {isa = PBXBuildFile; fileRef = 041CF9472BBAE305003D2A58 /* Endponts.swift */; };
		041CF94A2BBAE73B003D2A58 /* AuthService.swift in Sources */ = {isa = PBXBuildFile; fileRef = 041CF9492BBAE73B003D2A58 /* AuthService.swift */; };
		041CF94C2BBAF4E9003D2A58 /* CoreService.swift in Sources */ = {isa = PBXBuildFile; fileRef = 041CF94B2BBAF4E8003D2A58 /* CoreService.swift */; };
		041CF94E2BBB0099003D2A58 /* MovieWithDetails.swift in Sources */ = {isa = PBXBuildFile; fileRef = 041CF94D2BBB0099003D2A58 /* MovieWithDetails.swift */; };
		041CF9522BBB00CF003D2A58 /* Screenshot.swift in Sources */ = {isa = PBXBuildFile; fileRef = 041CF9512BBB00CF003D2A58 /* Screenshot.swift */; };
		041CF9542BBB00E7003D2A58 /* ContentCategory.swift in Sources */ = {isa = PBXBuildFile; fileRef = 041CF9532BBB00E7003D2A58 /* ContentCategory.swift */; };
		041CF95C2BBB0464003D2A58 /* MoviesSection.swift in Sources */ = {isa = PBXBuildFile; fileRef = 041CF95B2BBB0464003D2A58 /* MoviesSection.swift */; };
		041CF95F2BBB047C003D2A58 /* MovieBanner.swift in Sources */ = {isa = PBXBuildFile; fileRef = 041CF95E2BBB047C003D2A58 /* MovieBanner.swift */; };
		041CF9622BBB049A003D2A58 /* Season.swift in Sources */ = {isa = PBXBuildFile; fileRef = 041CF9612BBB049A003D2A58 /* Season.swift */; };
		04E4A7472BC45DF300360C5F /* MoviesSectionCellTableViewCell.swift in Sources */ = {isa = PBXBuildFile; fileRef = 04E4A7452BC45DF300360C5F /* MoviesSectionCellTableViewCell.swift */; };
		04E4A7482BC45DF300360C5F /* MoviesSectionCellCollectionViewCell.swift in Sources */ = {isa = PBXBuildFile; fileRef = 04E4A7462BC45DF300360C5F /* MoviesSectionCellCollectionViewCell.swift */; };
		04E4A74A2BC991D900360C5F /* OZPhoneNumberTextField.swift in Sources */ = {isa = PBXBuildFile; fileRef = 04E4A7492BC991D900360C5F /* OZPhoneNumberTextField.swift */; };
		04E4A74E2BCA757200360C5F /* String+Extension.swift in Sources */ = {isa = PBXBuildFile; fileRef = 04E4A74D2BCA757200360C5F /* String+Extension.swift */; };
		04E4A7522BCC448200360C5F /* OZPhotoGalleryView.swift in Sources */ = {isa = PBXBuildFile; fileRef = 04E4A7512BCC448200360C5F /* OZPhotoGalleryView.swift */; };
		04E4A7562BCC468000360C5F /* OZPhotoGalleryViewCollectionViewCell.swift in Sources */ = {isa = PBXBuildFile; fileRef = 04E4A7552BCC468000360C5F /* OZPhotoGalleryViewCollectionViewCell.swift */; };
		04E4A7582BCDA20D00360C5F /* LanguageManager.swift in Sources */ = {isa = PBXBuildFile; fileRef = 04E4A7572BCDA20D00360C5F /* LanguageManager.swift */; };
		04E4A75A2BCDADAD00360C5F /* LocalizableJSON.json in Resources */ = {isa = PBXBuildFile; fileRef = 04E4A7592BCDADAD00360C5F /* LocalizableJSON.json */; };
		04E4A7602BD0236400360C5F /* Episode.swift in Sources */ = {isa = PBXBuildFile; fileRef = 04E4A75F2BD0236400360C5F /* Episode.swift */; };
		04E84F3B2BD13AC900F2401A /* OZPoorNetworkView.swift in Sources */ = {isa = PBXBuildFile; fileRef = 04E84F3A2BD13AC900F2401A /* OZPoorNetworkView.swift */; };
		04E84F3D2BD1435F00F2401A /* InternetConnectionManager.swift in Sources */ = {isa = PBXBuildFile; fileRef = 04E84F3C2BD1435F00F2401A /* InternetConnectionManager.swift */; };
		B5DB06BABCCDE716894D6D9A /* Pods_ozinshe_demo_sanzhar.framework in Frameworks */ = {isa = PBXBuildFile; fileRef = 6569B92CA8997C23640B9014 /* Pods_ozinshe_demo_sanzhar.framework */; };
/* End PBXBuildFile section */

/* Begin PBXFileReference section */
		0402B81E2BBF36CF00E1DB49 /* Int+Extension.swift */ = {isa = PBXFileReference; lastKnownFileType = sourcecode.swift; path = "Int+Extension.swift"; sourceTree = "<group>"; };
		0402B8212BBF430100E1DB49 /* MoviePlayerViewController.swift */ = {isa = PBXFileReference; lastKnownFileType = sourcecode.swift; path = MoviePlayerViewController.swift; sourceTree = "<group>"; };
		0402B8242BBF4FC300E1DB49 /* UIImage+Extension.swift */ = {isa = PBXFileReference; lastKnownFileType = sourcecode.swift; path = "UIImage+Extension.swift"; sourceTree = "<group>"; };
		0402B82B2BC0065700E1DB49 /* Float+Extension.swift */ = {isa = PBXFileReference; lastKnownFileType = sourcecode.swift; path = "Float+Extension.swift"; sourceTree = "<group>"; };
		0402B82D2BC1985500E1DB49 /* MovieCategory.swift */ = {isa = PBXFileReference; lastKnownFileType = sourcecode.swift; path = MovieCategory.swift; sourceTree = "<group>"; };
		0402B82F2BC19C8900E1DB49 /* LeftAlignedCollectionViewFlowLayout.swift */ = {isa = PBXFileReference; lastKnownFileType = sourcecode.swift; path = LeftAlignedCollectionViewFlowLayout.swift; sourceTree = "<group>"; };
		0402B8342BC2E2C800E1DB49 /* ActivityItemSource.swift */ = {isa = PBXFileReference; lastKnownFileType = sourcecode.swift; path = ActivityItemSource.swift; sourceTree = "<group>"; };
		0402B8362BC2F9F500E1DB49 /* UserProfile.swift */ = {isa = PBXFileReference; lastKnownFileType = sourcecode.swift; path = UserProfile.swift; sourceTree = "<group>"; };
		0402B83B2BC44A8F00E1DB49 /* GradientView.swift */ = {isa = PBXFileReference; lastKnownFileType = sourcecode.swift; path = GradientView.swift; sourceTree = "<group>"; };
		041CF8782B8CB33F003D2A58 /* ozinshe-demo-sanzhar.app */ = {isa = PBXFileReference; explicitFileType = wrapper.application; includeInIndex = 0; path = "ozinshe-demo-sanzhar.app"; sourceTree = BUILT_PRODUCTS_DIR; };
		041CF87B2B8CB33F003D2A58 /* AppDelegate.swift */ = {isa = PBXFileReference; lastKnownFileType = sourcecode.swift; path = AppDelegate.swift; sourceTree = "<group>"; };
		041CF87D2B8CB33F003D2A58 /* SceneDelegate.swift */ = {isa = PBXFileReference; lastKnownFileType = sourcecode.swift; path = SceneDelegate.swift; sourceTree = "<group>"; };
		041CF87F2B8CB33F003D2A58 /* CarouselViewController.swift */ = {isa = PBXFileReference; lastKnownFileType = sourcecode.swift; path = CarouselViewController.swift; sourceTree = "<group>"; };
		041CF8842B8CB340003D2A58 /* Assets.xcassets */ = {isa = PBXFileReference; lastKnownFileType = folder.assetcatalog; path = Assets.xcassets; sourceTree = "<group>"; };
		041CF8872B8CB340003D2A58 /* Base */ = {isa = PBXFileReference; lastKnownFileType = file.storyboard; name = Base; path = Base.lproj/LaunchScreen.storyboard; sourceTree = "<group>"; };
		041CF8892B8CB340003D2A58 /* Info.plist */ = {isa = PBXFileReference; lastKnownFileType = text.plist.xml; path = Info.plist; sourceTree = "<group>"; };
		041CF8992B8DC0D1003D2A58 /* UIColor+Extension.swift */ = {isa = PBXFileReference; fileEncoding = 4; lastKnownFileType = sourcecode.swift; path = "UIColor+Extension.swift"; sourceTree = "<group>"; };
		041CF89C2B8DC0D9003D2A58 /* Style.swift */ = {isa = PBXFileReference; fileEncoding = 4; lastKnownFileType = sourcecode.swift; path = Style.swift; sourceTree = "<group>"; };
		041CF8A12B8DD2D9003D2A58 /* CarouselCell.swift */ = {isa = PBXFileReference; lastKnownFileType = sourcecode.swift; path = CarouselCell.swift; sourceTree = "<group>"; };
		041CF8A32B8DF7B4003D2A58 /* Screen.swift */ = {isa = PBXFileReference; lastKnownFileType = sourcecode.swift; path = Screen.swift; sourceTree = "<group>"; };
		041CF8A62B8E00F2003D2A58 /* OZButton.swift */ = {isa = PBXFileReference; lastKnownFileType = sourcecode.swift; path = OZButton.swift; sourceTree = "<group>"; };
		041CF8AA2B8E1734003D2A58 /* OZPageControl.swift */ = {isa = PBXFileReference; lastKnownFileType = sourcecode.swift; path = OZPageControl.swift; sourceTree = "<group>"; };
		041CF8AD2B8E22B2003D2A58 /* SignInViewController.swift */ = {isa = PBXFileReference; lastKnownFileType = sourcecode.swift; path = SignInViewController.swift; sourceTree = "<group>"; };
		041CF8AF2B8E433C003D2A58 /* OZTextField.swift */ = {isa = PBXFileReference; lastKnownFileType = sourcecode.swift; path = OZTextField.swift; sourceTree = "<group>"; };
		041CF8B12B9DA043003D2A58 /* OZTextFieldView.swift */ = {isa = PBXFileReference; lastKnownFileType = sourcecode.swift; path = OZTextFieldView.swift; sourceTree = "<group>"; };
		041CF8B62B9DB2BA003D2A58 /* Date+Extentsion.swift */ = {isa = PBXFileReference; fileEncoding = 4; lastKnownFileType = sourcecode.swift; path = "Date+Extentsion.swift"; sourceTree = "<group>"; };
		041CF8B82B9DB312003D2A58 /* Logger.swift */ = {isa = PBXFileReference; lastKnownFileType = sourcecode.swift; path = Logger.swift; sourceTree = "<group>"; };
		041CF8BA2B9DCD77003D2A58 /* UIButton+Extension.swift */ = {isa = PBXFileReference; lastKnownFileType = sourcecode.swift; path = "UIButton+Extension.swift"; sourceTree = "<group>"; };
		041CF8BC2B9DD42E003D2A58 /* SignUpViewController.swift */ = {isa = PBXFileReference; lastKnownFileType = sourcecode.swift; path = SignUpViewController.swift; sourceTree = "<group>"; };
		041CF8C62B9EFDB3003D2A58 /* MainTabBarController.swift */ = {isa = PBXFileReference; lastKnownFileType = sourcecode.swift; path = MainTabBarController.swift; sourceTree = "<group>"; tabWidth = 5; };
		041CF8CD2B9EFE50003D2A58 /* HomeViewController.swift */ = {isa = PBXFileReference; lastKnownFileType = sourcecode.swift; path = HomeViewController.swift; sourceTree = "<group>"; };
		041CF8CF2B9EFE5B003D2A58 /* SearchViewController.swift */ = {isa = PBXFileReference; lastKnownFileType = sourcecode.swift; path = SearchViewController.swift; sourceTree = "<group>"; };
		041CF8D12B9EFE78003D2A58 /* FavoritesViewController.swift */ = {isa = PBXFileReference; lastKnownFileType = sourcecode.swift; path = FavoritesViewController.swift; sourceTree = "<group>"; };
		041CF8D32B9EFE86003D2A58 /* ProfileViewController.swift */ = {isa = PBXFileReference; lastKnownFileType = sourcecode.swift; path = ProfileViewController.swift; sourceTree = "<group>"; };
		041CF8D82BA168BF003D2A58 /* HeaderTableViewCell.swift */ = {isa = PBXFileReference; lastKnownFileType = sourcecode.swift; path = HeaderTableViewCell.swift; sourceTree = "<group>"; };
		041CF8DC2BA1A698003D2A58 /* MovieBannerCollectionViewCell.swift */ = {isa = PBXFileReference; lastKnownFileType = sourcecode.swift; path = MovieBannerCollectionViewCell.swift; sourceTree = "<group>"; };
		041CF8DF2BA1D201003D2A58 /* KeepWatchingCollectionViewCell.swift */ = {isa = PBXFileReference; lastKnownFileType = sourcecode.swift; path = KeepWatchingCollectionViewCell.swift; sourceTree = "<group>"; };
		041CF8E12BA1D210003D2A58 /* KeepWatchingTableViewCell.swift */ = {isa = PBXFileReference; lastKnownFileType = sourcecode.swift; path = KeepWatchingTableViewCell.swift; sourceTree = "<group>"; };
		041CF8E92BA1E436003D2A58 /* GenresAndAgesCollectionViewCell.swift */ = {isa = PBXFileReference; lastKnownFileType = sourcecode.swift; path = GenresAndAgesCollectionViewCell.swift; sourceTree = "<group>"; };
		041CF8EB2BA1E447003D2A58 /* GenresAndAgesSectionTableViewCell.swift */ = {isa = PBXFileReference; lastKnownFileType = sourcecode.swift; path = GenresAndAgesSectionTableViewCell.swift; sourceTree = "<group>"; };
		041CF8ED2BA1E84A003D2A58 /* StaticData.swift */ = {isa = PBXFileReference; lastKnownFileType = sourcecode.swift; path = StaticData.swift; sourceTree = "<group>"; };
		041CF8FA2BA30FCA003D2A58 /* MovieInfoViewController.swift */ = {isa = PBXFileReference; lastKnownFileType = sourcecode.swift; path = MovieInfoViewController.swift; sourceTree = "<group>"; };
		041CF8FC2BA32BB8003D2A58 /* UIView+Extension.swift */ = {isa = PBXFileReference; lastKnownFileType = sourcecode.swift; path = "UIView+Extension.swift"; sourceTree = "<group>"; };
		041CF9002BA3793E003D2A58 /* UILabel+Extension.swift */ = {isa = PBXFileReference; lastKnownFileType = sourcecode.swift; path = "UILabel+Extension.swift"; sourceTree = "<group>"; };
		041CF9032BA4A227003D2A58 /* ScreenshotCollectionViewCell.swift */ = {isa = PBXFileReference; lastKnownFileType = sourcecode.swift; path = ScreenshotCollectionViewCell.swift; sourceTree = "<group>"; };
		041CF9062BA72FE0003D2A58 /* SeriesViewController.swift */ = {isa = PBXFileReference; lastKnownFileType = sourcecode.swift; path = SeriesViewController.swift; sourceTree = "<group>"; };
		041CF9082BA732FC003D2A58 /* SeasonCollectionViewCell.swift */ = {isa = PBXFileReference; lastKnownFileType = sourcecode.swift; path = SeasonCollectionViewCell.swift; sourceTree = "<group>"; };
		041CF90A2BA7331A003D2A58 /* SeriesTableViewCell.swift */ = {isa = PBXFileReference; lastKnownFileType = sourcecode.swift; path = SeriesTableViewCell.swift; sourceTree = "<group>"; };
		041CF90C2BAAA9F3003D2A58 /* ContentCategoryCollectionViewCell.swift */ = {isa = PBXFileReference; lastKnownFileType = sourcecode.swift; path = ContentCategoryCollectionViewCell.swift; sourceTree = "<group>"; };
		041CF9102BAAB9A0003D2A58 /* MovieListViewController.swift */ = {isa = PBXFileReference; lastKnownFileType = sourcecode.swift; path = MovieListViewController.swift; sourceTree = "<group>"; };
		041CF9122BAABA31003D2A58 /* MovieTableViewCell.swift */ = {isa = PBXFileReference; lastKnownFileType = sourcecode.swift; path = MovieTableViewCell.swift; sourceTree = "<group>"; };
		041CF9152BB2B988003D2A58 /* ProfileSectionTableViewCell.swift */ = {isa = PBXFileReference; lastKnownFileType = sourcecode.swift; path = ProfileSectionTableViewCell.swift; sourceTree = "<group>"; };
		041CF9172BB3FD19003D2A58 /* ProfileHeaderView.swift */ = {isa = PBXFileReference; lastKnownFileType = sourcecode.swift; path = ProfileHeaderView.swift; sourceTree = "<group>"; };
		041CF91B2BB580F1003D2A58 /* PersonalDataViewController.swift */ = {isa = PBXFileReference; lastKnownFileType = sourcecode.swift; path = PersonalDataViewController.swift; sourceTree = "<group>"; };
		041CF9222BB58DB7003D2A58 /* SelectionLanguageViewController.swift */ = {isa = PBXFileReference; lastKnownFileType = sourcecode.swift; path = SelectionLanguageViewController.swift; sourceTree = "<group>"; };
		041CF9242BB59059003D2A58 /* SelectionLanguageTableViewCell.swift */ = {isa = PBXFileReference; lastKnownFileType = sourcecode.swift; path = SelectionLanguageTableViewCell.swift; sourceTree = "<group>"; };
		041CF9262BB59FFA003D2A58 /* UIViewController+Extension.swift */ = {isa = PBXFileReference; lastKnownFileType = sourcecode.swift; path = "UIViewController+Extension.swift"; sourceTree = "<group>"; };
		041CF9282BB5D12F003D2A58 /* ProfileNavigationViewController.swift */ = {isa = PBXFileReference; lastKnownFileType = sourcecode.swift; path = ProfileNavigationViewController.swift; sourceTree = "<group>"; };
		041CF92A2BB69E33003D2A58 /* OZExpandedView.swift */ = {isa = PBXFileReference; lastKnownFileType = sourcecode.swift; path = OZExpandedView.swift; sourceTree = "<group>"; };
		041CF92D2BB6C6EB003D2A58 /* LeaveConfirmationViewController.swift */ = {isa = PBXFileReference; lastKnownFileType = sourcecode.swift; path = LeaveConfirmationViewController.swift; sourceTree = "<group>"; };
		041CF9302BB7014C003D2A58 /* ChangePasswordViewController.swift */ = {isa = PBXFileReference; lastKnownFileType = sourcecode.swift; path = ChangePasswordViewController.swift; sourceTree = "<group>"; };
		041CF9332BB70777003D2A58 /* TermsOfUseViewController.swift */ = {isa = PBXFileReference; lastKnownFileType = sourcecode.swift; path = TermsOfUseViewController.swift; sourceTree = "<group>"; };
		041CF9352BB7196A003D2A58 /* SignInNavigationViewController.swift */ = {isa = PBXFileReference; lastKnownFileType = sourcecode.swift; path = SignInNavigationViewController.swift; sourceTree = "<group>"; };
		041CF9382BB71AE1003D2A58 /* Storage.swift */ = {isa = PBXFileReference; lastKnownFileType = sourcecode.swift; path = Storage.swift; sourceTree = "<group>"; };
		041CF93D2BB71E33003D2A58 /* HomeNavigationViewController.swift */ = {isa = PBXFileReference; lastKnownFileType = sourcecode.swift; path = HomeNavigationViewController.swift; sourceTree = "<group>"; };
		041CF93F2BB71E4F003D2A58 /* SearchNavigationViewController.swift */ = {isa = PBXFileReference; lastKnownFileType = sourcecode.swift; path = SearchNavigationViewController.swift; sourceTree = "<group>"; };
		041CF9432BB71E96003D2A58 /* FavoritesNavigationViewController.swift */ = {isa = PBXFileReference; lastKnownFileType = sourcecode.swift; path = FavoritesNavigationViewController.swift; sourceTree = "<group>"; };
		041CF9472BBAE305003D2A58 /* Endponts.swift */ = {isa = PBXFileReference; lastKnownFileType = sourcecode.swift; path = Endponts.swift; sourceTree = "<group>"; };
		041CF9492BBAE73B003D2A58 /* AuthService.swift */ = {isa = PBXFileReference; lastKnownFileType = sourcecode.swift; path = AuthService.swift; sourceTree = "<group>"; };
		041CF94B2BBAF4E8003D2A58 /* CoreService.swift */ = {isa = PBXFileReference; lastKnownFileType = sourcecode.swift; path = CoreService.swift; sourceTree = "<group>"; };
		041CF94D2BBB0099003D2A58 /* MovieWithDetails.swift */ = {isa = PBXFileReference; lastKnownFileType = sourcecode.swift; path = MovieWithDetails.swift; sourceTree = "<group>"; };
		041CF9512BBB00CF003D2A58 /* Screenshot.swift */ = {isa = PBXFileReference; lastKnownFileType = sourcecode.swift; path = Screenshot.swift; sourceTree = "<group>"; };
		041CF9532BBB00E7003D2A58 /* ContentCategory.swift */ = {isa = PBXFileReference; lastKnownFileType = sourcecode.swift; path = ContentCategory.swift; sourceTree = "<group>"; };
		041CF95B2BBB0464003D2A58 /* MoviesSection.swift */ = {isa = PBXFileReference; lastKnownFileType = sourcecode.swift; path = MoviesSection.swift; sourceTree = "<group>"; };
		041CF95E2BBB047C003D2A58 /* MovieBanner.swift */ = {isa = PBXFileReference; lastKnownFileType = sourcecode.swift; path = MovieBanner.swift; sourceTree = "<group>"; };
		041CF9612BBB049A003D2A58 /* Season.swift */ = {isa = PBXFileReference; lastKnownFileType = sourcecode.swift; path = Season.swift; sourceTree = "<group>"; };
		04E4A7452BC45DF300360C5F /* MoviesSectionCellTableViewCell.swift */ = {isa = PBXFileReference; fileEncoding = 4; lastKnownFileType = sourcecode.swift; path = MoviesSectionCellTableViewCell.swift; sourceTree = "<group>"; };
		04E4A7462BC45DF300360C5F /* MoviesSectionCellCollectionViewCell.swift */ = {isa = PBXFileReference; fileEncoding = 4; lastKnownFileType = sourcecode.swift; path = MoviesSectionCellCollectionViewCell.swift; sourceTree = "<group>"; };
		04E4A7492BC991D900360C5F /* OZPhoneNumberTextField.swift */ = {isa = PBXFileReference; lastKnownFileType = sourcecode.swift; path = OZPhoneNumberTextField.swift; sourceTree = "<group>"; };
		04E4A74D2BCA757200360C5F /* String+Extension.swift */ = {isa = PBXFileReference; lastKnownFileType = sourcecode.swift; path = "String+Extension.swift"; sourceTree = "<group>"; };
		04E4A7512BCC448200360C5F /* OZPhotoGalleryView.swift */ = {isa = PBXFileReference; lastKnownFileType = sourcecode.swift; path = OZPhotoGalleryView.swift; sourceTree = "<group>"; };
		04E4A7552BCC468000360C5F /* OZPhotoGalleryViewCollectionViewCell.swift */ = {isa = PBXFileReference; lastKnownFileType = sourcecode.swift; path = OZPhotoGalleryViewCollectionViewCell.swift; sourceTree = "<group>"; };
		04E4A7572BCDA20D00360C5F /* LanguageManager.swift */ = {isa = PBXFileReference; lastKnownFileType = sourcecode.swift; path = LanguageManager.swift; sourceTree = "<group>"; };
		04E4A7592BCDADAD00360C5F /* LocalizableJSON.json */ = {isa = PBXFileReference; fileEncoding = 4; lastKnownFileType = text.json; path = LocalizableJSON.json; sourceTree = "<group>"; };
		04E4A75F2BD0236400360C5F /* Episode.swift */ = {isa = PBXFileReference; lastKnownFileType = sourcecode.swift; path = Episode.swift; sourceTree = "<group>"; };
		04E84F3A2BD13AC900F2401A /* OZPoorNetworkView.swift */ = {isa = PBXFileReference; lastKnownFileType = sourcecode.swift; path = OZPoorNetworkView.swift; sourceTree = "<group>"; };
		04E84F3C2BD1435F00F2401A /* InternetConnectionManager.swift */ = {isa = PBXFileReference; lastKnownFileType = sourcecode.swift; path = InternetConnectionManager.swift; sourceTree = "<group>"; };
		252412E44665C50BD121891F /* Pods-ozinshe-demo-sanzhar.debug.xcconfig */ = {isa = PBXFileReference; includeInIndex = 1; lastKnownFileType = text.xcconfig; name = "Pods-ozinshe-demo-sanzhar.debug.xcconfig"; path = "Target Support Files/Pods-ozinshe-demo-sanzhar/Pods-ozinshe-demo-sanzhar.debug.xcconfig"; sourceTree = "<group>"; };
		6569B92CA8997C23640B9014 /* Pods_ozinshe_demo_sanzhar.framework */ = {isa = PBXFileReference; explicitFileType = wrapper.framework; includeInIndex = 0; path = Pods_ozinshe_demo_sanzhar.framework; sourceTree = BUILT_PRODUCTS_DIR; };
		FFE6CDCB922B92FAB1CE46F9 /* Pods-ozinshe-demo-sanzhar.release.xcconfig */ = {isa = PBXFileReference; includeInIndex = 1; lastKnownFileType = text.xcconfig; name = "Pods-ozinshe-demo-sanzhar.release.xcconfig"; path = "Target Support Files/Pods-ozinshe-demo-sanzhar/Pods-ozinshe-demo-sanzhar.release.xcconfig"; sourceTree = "<group>"; };
/* End PBXFileReference section */

/* Begin PBXFrameworksBuildPhase section */
		041CF8752B8CB33F003D2A58 /* Frameworks */ = {
			isa = PBXFrameworksBuildPhase;
			buildActionMask = 2147483647;
			files = (
				B5DB06BABCCDE716894D6D9A /* Pods_ozinshe_demo_sanzhar.framework in Frameworks */,
			);
			runOnlyForDeploymentPostprocessing = 0;
		};
/* End PBXFrameworksBuildPhase section */

/* Begin PBXGroup section */
		0402B81D2BBEE21F00E1DB49 /* Cells */ = {
			isa = PBXGroup;
			children = (
				041CF9122BAABA31003D2A58 /* MovieTableViewCell.swift */,
			);
			path = Cells;
			sourceTree = "<group>";
		};
		0402B8202BBF42E700E1DB49 /* MoviePlayerScene */ = {
			isa = PBXGroup;
			children = (
				0402B8212BBF430100E1DB49 /* MoviePlayerViewController.swift */,
			);
			path = MoviePlayerScene;
			sourceTree = "<group>";
		};
		0402B8312BC2B97000E1DB49 /* GeneralScenes */ = {
			isa = PBXGroup;
			children = (
				041CF9422BB71E74003D2A58 /* MovieListScene */,
				041CF9052BA72F8F003D2A58 /* SeriesScene */,
				041CF8F92BA30F73003D2A58 /* MovieInfoScene */,
				0402B8202BBF42E700E1DB49 /* MoviePlayerScene */,
			);
			path = GeneralScenes;
			sourceTree = "<group>";
		};
		0402B8382BC2FA9800E1DB49 /* UserModels */ = {
			isa = PBXGroup;
			children = (
				0402B8362BC2F9F500E1DB49 /* UserProfile.swift */,
			);
			path = UserModels;
			sourceTree = "<group>";
		};
		041CF86F2B8CB33F003D2A58 = {
			isa = PBXGroup;
			children = (
				041CF87A2B8CB33F003D2A58 /* ozinshe-demo-sanzhar */,
				041CF8792B8CB33F003D2A58 /* Products */,
				F7C42A24DE7DDB949213309F /* Pods */,
				6194E0F98BF4995D3FA49353 /* Frameworks */,
			);
			sourceTree = "<group>";
		};
		041CF8792B8CB33F003D2A58 /* Products */ = {
			isa = PBXGroup;
			children = (
				041CF8782B8CB33F003D2A58 /* ozinshe-demo-sanzhar.app */,
			);
			name = Products;
			sourceTree = "<group>";
		};
		041CF87A2B8CB33F003D2A58 /* ozinshe-demo-sanzhar */ = {
			isa = PBXGroup;
			children = (
				041CF9452BBAE250003D2A58 /* Services */,
				041CF8C42B9EFB7F003D2A58 /* Models */,
				041CF8BE2B9EF78E003D2A58 /* Common */,
				041CF8A52B8E0093003D2A58 /* UI */,
				041CF88F2B8CB465003D2A58 /* Scenes */,
				041CF87B2B8CB33F003D2A58 /* AppDelegate.swift */,
				041CF87D2B8CB33F003D2A58 /* SceneDelegate.swift */,
				041CF8842B8CB340003D2A58 /* Assets.xcassets */,
				041CF8862B8CB340003D2A58 /* LaunchScreen.storyboard */,
				041CF8892B8CB340003D2A58 /* Info.plist */,
			);
			path = "ozinshe-demo-sanzhar";
			sourceTree = "<group>";
		};
		041CF88F2B8CB465003D2A58 /* Scenes */ = {
			isa = PBXGroup;
			children = (
				041CF8A02B8DD2BB003D2A58 /* CarouselScenes */,
				041CF8AC2B8E2260003D2A58 /* SignInScenes */,
				041CF8C52B9EFD66003D2A58 /* MainScenes */,
			);
			path = Scenes;
			sourceTree = "<group>";
		};
		041CF8A02B8DD2BB003D2A58 /* CarouselScenes */ = {
			isa = PBXGroup;
			children = (
				041CF87F2B8CB33F003D2A58 /* CarouselViewController.swift */,
				041CF8A12B8DD2D9003D2A58 /* CarouselCell.swift */,
			);
			path = CarouselScenes;
			sourceTree = "<group>";
		};
		041CF8A52B8E0093003D2A58 /* UI */ = {
			isa = PBXGroup;
			children = (
				04E84F3A2BD13AC900F2401A /* OZPoorNetworkView.swift */,
				041CF8A62B8E00F2003D2A58 /* OZButton.swift */,
				041CF8AA2B8E1734003D2A58 /* OZPageControl.swift */,
				041CF8AF2B8E433C003D2A58 /* OZTextField.swift */,
				04E4A7492BC991D900360C5F /* OZPhoneNumberTextField.swift */,
				041CF8B12B9DA043003D2A58 /* OZTextFieldView.swift */,
				041CF92A2BB69E33003D2A58 /* OZExpandedView.swift */,
				04E4A7532BCC466000360C5F /* OZPhotoGalleryView */,
				0402B82F2BC19C8900E1DB49 /* LeftAlignedCollectionViewFlowLayout.swift */,
				0402B8342BC2E2C800E1DB49 /* ActivityItemSource.swift */,
				0402B83B2BC44A8F00E1DB49 /* GradientView.swift */,
			);
			path = UI;
			sourceTree = "<group>";
		};
		041CF8AC2B8E2260003D2A58 /* SignInScenes */ = {
			isa = PBXGroup;
			children = (
				041CF9352BB7196A003D2A58 /* SignInNavigationViewController.swift */,
				041CF8AD2B8E22B2003D2A58 /* SignInViewController.swift */,
				041CF8BC2B9DD42E003D2A58 /* SignUpViewController.swift */,
			);
			path = SignInScenes;
			sourceTree = "<group>";
		};
		041CF8BE2B9EF78E003D2A58 /* Common */ = {
			isa = PBXGroup;
			children = (
				041CF8C12B9EF7A8003D2A58 /* Extensions */,
				041CF8C02B9EF7A1003D2A58 /* Resourses */,
				041CF8BF2B9EF799003D2A58 /* Files */,
			);
			path = Common;
			sourceTree = "<group>";
		};
		041CF8BF2B9EF799003D2A58 /* Files */ = {
			isa = PBXGroup;
			children = (
				041CF8ED2BA1E84A003D2A58 /* StaticData.swift */,
				041CF9382BB71AE1003D2A58 /* Storage.swift */,
				04E4A7572BCDA20D00360C5F /* LanguageManager.swift */,
				04E84F3C2BD1435F00F2401A /* InternetConnectionManager.swift */,
			);
			path = Files;
			sourceTree = "<group>";
		};
		041CF8C02B9EF7A1003D2A58 /* Resourses */ = {
			isa = PBXGroup;
			children = (
				04E4A7592BCDADAD00360C5F /* LocalizableJSON.json */,
				041CF89C2B8DC0D9003D2A58 /* Style.swift */,
				041CF8A32B8DF7B4003D2A58 /* Screen.swift */,
				041CF8B82B9DB312003D2A58 /* Logger.swift */,
			);
			path = Resourses;
			sourceTree = "<group>";
		};
		041CF8C12B9EF7A8003D2A58 /* Extensions */ = {
			isa = PBXGroup;
			children = (
				041CF8C32B9EF7D1003D2A58 /* UIKit */,
				041CF8C22B9EF7C9003D2A58 /* Foundation */,
			);
			path = Extensions;
			sourceTree = "<group>";
		};
		041CF8C22B9EF7C9003D2A58 /* Foundation */ = {
			isa = PBXGroup;
			children = (
				041CF8B62B9DB2BA003D2A58 /* Date+Extentsion.swift */,
				0402B81E2BBF36CF00E1DB49 /* Int+Extension.swift */,
				0402B82B2BC0065700E1DB49 /* Float+Extension.swift */,
				04E4A74D2BCA757200360C5F /* String+Extension.swift */,
			);
			path = Foundation;
			sourceTree = "<group>";
		};
		041CF8C32B9EF7D1003D2A58 /* UIKit */ = {
			isa = PBXGroup;
			children = (
				041CF8992B8DC0D1003D2A58 /* UIColor+Extension.swift */,
				041CF8BA2B9DCD77003D2A58 /* UIButton+Extension.swift */,
				041CF8FC2BA32BB8003D2A58 /* UIView+Extension.swift */,
				041CF9002BA3793E003D2A58 /* UILabel+Extension.swift */,
				041CF9262BB59FFA003D2A58 /* UIViewController+Extension.swift */,
				0402B8242BBF4FC300E1DB49 /* UIImage+Extension.swift */,
			);
			path = UIKit;
			sourceTree = "<group>";
		};
		041CF8C42B9EFB7F003D2A58 /* Models */ = {
			isa = PBXGroup;
			children = (
				0402B8382BC2FA9800E1DB49 /* UserModels */,
				041CF95A2BBB0439003D2A58 /* MovieControllerModel */,
				041CF94F2BBB00A7003D2A58 /* MovieModel */,
			);
			path = Models;
			sourceTree = "<group>";
		};
		041CF8C52B9EFD66003D2A58 /* MainScenes */ = {
			isa = PBXGroup;
			children = (
				041CF8C62B9EFDB3003D2A58 /* MainTabBarController.swift */,
				041CF8C82B9EFDF9003D2A58 /* HomeScenes */,
				041CF8C92B9EFE0E003D2A58 /* SearchScenes */,
				041CF8CA2B9EFE1E003D2A58 /* FavoriteScenes */,
				041CF8CB2B9EFE27003D2A58 /* ProfileScenes */,
				0402B8312BC2B97000E1DB49 /* GeneralScenes */,
			);
			path = MainScenes;
			sourceTree = "<group>";
		};
		041CF8C82B9EFDF9003D2A58 /* HomeScenes */ = {
			isa = PBXGroup;
			children = (
				041CF93D2BB71E33003D2A58 /* HomeNavigationViewController.swift */,
				041CF8CD2B9EFE50003D2A58 /* HomeViewController.swift */,
				041CF8D52B9F16E6003D2A58 /* TableViewCells */,
			);
			path = HomeScenes;
			sourceTree = "<group>";
		};
		041CF8C92B9EFE0E003D2A58 /* SearchScenes */ = {
			isa = PBXGroup;
			children = (
				041CF93F2BB71E4F003D2A58 /* SearchNavigationViewController.swift */,
				041CF8CF2B9EFE5B003D2A58 /* SearchViewController.swift */,
				041CF9412BB71E63003D2A58 /* Cells */,
			);
			path = SearchScenes;
			sourceTree = "<group>";
		};
		041CF8CA2B9EFE1E003D2A58 /* FavoriteScenes */ = {
			isa = PBXGroup;
			children = (
				041CF9432BB71E96003D2A58 /* FavoritesNavigationViewController.swift */,
				041CF8D12B9EFE78003D2A58 /* FavoritesViewController.swift */,
			);
			path = FavoriteScenes;
			sourceTree = "<group>";
		};
		041CF8CB2B9EFE27003D2A58 /* ProfileScenes */ = {
			isa = PBXGroup;
			children = (
				041CF9282BB5D12F003D2A58 /* ProfileNavigationViewController.swift */,
				041CF8D32B9EFE86003D2A58 /* ProfileViewController.swift */,
				041CF9142BB2B96B003D2A58 /* TableViewCells */,
				041CF91D2BB5816E003D2A58 /* PersonalDataScene */,
				041CF92F2BB70106003D2A58 /* ChangePasswordScene */,
				041CF9212BB58D90003D2A58 /* SelectionLanguageScene */,
				041CF9322BB70757003D2A58 /* TermsOfUseScene */,
				041CF92C2BB6C6A2003D2A58 /* LeaveScene */,
			);
			path = ProfileScenes;
			sourceTree = "<group>";
		};
		041CF8D52B9F16E6003D2A58 /* TableViewCells */ = {
			isa = PBXGroup;
			children = (
				041CF8DA2BA17139003D2A58 /* HeaderScene */,
				041CF8DE2BA1D1E6003D2A58 /* KeepWatchingScene */,
				04E4A7442BC45DF300360C5F /* MoviesSectionScene */,
				041CF8E82BA1E3D0003D2A58 /* GenresScene */,
			);
			path = TableViewCells;
			sourceTree = "<group>";
		};
		041CF8DA2BA17139003D2A58 /* HeaderScene */ = {
			isa = PBXGroup;
			children = (
				041CF8D82BA168BF003D2A58 /* HeaderTableViewCell.swift */,
				041CF8DC2BA1A698003D2A58 /* MovieBannerCollectionViewCell.swift */,
			);
			path = HeaderScene;
			sourceTree = "<group>";
		};
		041CF8DE2BA1D1E6003D2A58 /* KeepWatchingScene */ = {
			isa = PBXGroup;
			children = (
				041CF8E12BA1D210003D2A58 /* KeepWatchingTableViewCell.swift */,
				041CF8DF2BA1D201003D2A58 /* KeepWatchingCollectionViewCell.swift */,
			);
			path = KeepWatchingScene;
			sourceTree = "<group>";
		};
		041CF8E82BA1E3D0003D2A58 /* GenresScene */ = {
			isa = PBXGroup;
			children = (
				041CF8EB2BA1E447003D2A58 /* GenresAndAgesSectionTableViewCell.swift */,
				041CF8E92BA1E436003D2A58 /* GenresAndAgesCollectionViewCell.swift */,
			);
			path = GenresScene;
			sourceTree = "<group>";
		};
		041CF8F92BA30F73003D2A58 /* MovieInfoScene */ = {
			isa = PBXGroup;
			children = (
				041CF8FA2BA30FCA003D2A58 /* MovieInfoViewController.swift */,
				041CF9032BA4A227003D2A58 /* ScreenshotCollectionViewCell.swift */,
			);
			path = MovieInfoScene;
			sourceTree = "<group>";
		};
		041CF9052BA72F8F003D2A58 /* SeriesScene */ = {
			isa = PBXGroup;
			children = (
				041CF9062BA72FE0003D2A58 /* SeriesViewController.swift */,
				041CF9082BA732FC003D2A58 /* SeasonCollectionViewCell.swift */,
				041CF90A2BA7331A003D2A58 /* SeriesTableViewCell.swift */,
			);
			path = SeriesScene;
			sourceTree = "<group>";
		};
		041CF9142BB2B96B003D2A58 /* TableViewCells */ = {
			isa = PBXGroup;
			children = (
				041CF9172BB3FD19003D2A58 /* ProfileHeaderView.swift */,
				041CF9152BB2B988003D2A58 /* ProfileSectionTableViewCell.swift */,
			);
			path = TableViewCells;
			sourceTree = "<group>";
		};
		041CF91D2BB5816E003D2A58 /* PersonalDataScene */ = {
			isa = PBXGroup;
			children = (
				041CF91B2BB580F1003D2A58 /* PersonalDataViewController.swift */,
			);
			path = PersonalDataScene;
			sourceTree = "<group>";
		};
		041CF9212BB58D90003D2A58 /* SelectionLanguageScene */ = {
			isa = PBXGroup;
			children = (
				041CF9222BB58DB7003D2A58 /* SelectionLanguageViewController.swift */,
				041CF9242BB59059003D2A58 /* SelectionLanguageTableViewCell.swift */,
			);
			path = SelectionLanguageScene;
			sourceTree = "<group>";
		};
		041CF92C2BB6C6A2003D2A58 /* LeaveScene */ = {
			isa = PBXGroup;
			children = (
				041CF92D2BB6C6EB003D2A58 /* LeaveConfirmationViewController.swift */,
			);
			path = LeaveScene;
			sourceTree = "<group>";
		};
		041CF92F2BB70106003D2A58 /* ChangePasswordScene */ = {
			isa = PBXGroup;
			children = (
				041CF9302BB7014C003D2A58 /* ChangePasswordViewController.swift */,
			);
			path = ChangePasswordScene;
			sourceTree = "<group>";
		};
		041CF9322BB70757003D2A58 /* TermsOfUseScene */ = {
			isa = PBXGroup;
			children = (
				041CF9332BB70777003D2A58 /* TermsOfUseViewController.swift */,
			);
			path = TermsOfUseScene;
			sourceTree = "<group>";
		};
		041CF9412BB71E63003D2A58 /* Cells */ = {
			isa = PBXGroup;
			children = (
				041CF90C2BAAA9F3003D2A58 /* ContentCategoryCollectionViewCell.swift */,
			);
			path = Cells;
			sourceTree = "<group>";
		};
		041CF9422BB71E74003D2A58 /* MovieListScene */ = {
			isa = PBXGroup;
			children = (
				041CF9102BAAB9A0003D2A58 /* MovieListViewController.swift */,
				0402B81D2BBEE21F00E1DB49 /* Cells */,
			);
			path = MovieListScene;
			sourceTree = "<group>";
		};
		041CF9452BBAE250003D2A58 /* Services */ = {
			isa = PBXGroup;
			children = (
				041CF9472BBAE305003D2A58 /* Endponts.swift */,
				041CF9462BBAE297003D2A58 /* APIServices */,
			);
			path = Services;
			sourceTree = "<group>";
		};
		041CF9462BBAE297003D2A58 /* APIServices */ = {
			isa = PBXGroup;
			children = (
				041CF9492BBAE73B003D2A58 /* AuthService.swift */,
				041CF94B2BBAF4E8003D2A58 /* CoreService.swift */,
			);
			path = APIServices;
			sourceTree = "<group>";
		};
		041CF94F2BBB00A7003D2A58 /* MovieModel */ = {
			isa = PBXGroup;
			children = (
				041CF94D2BBB0099003D2A58 /* MovieWithDetails.swift */,
				041CF9502BBB00B2003D2A58 /* Helpers */,
			);
			path = MovieModel;
			sourceTree = "<group>";
		};
		041CF9502BBB00B2003D2A58 /* Helpers */ = {
			isa = PBXGroup;
			children = (
				041CF9512BBB00CF003D2A58 /* Screenshot.swift */,
				041CF9532BBB00E7003D2A58 /* ContentCategory.swift */,
				0402B82D2BC1985500E1DB49 /* MovieCategory.swift */,
			);
			path = Helpers;
			sourceTree = "<group>";
		};
		041CF95A2BBB0439003D2A58 /* MovieControllerModel */ = {
			isa = PBXGroup;
			children = (
				041CF95B2BBB0464003D2A58 /* MoviesSection.swift */,
				041CF95D2BBB0468003D2A58 /* Helpers */,
			);
			path = MovieControllerModel;
			sourceTree = "<group>";
		};
		041CF95D2BBB0468003D2A58 /* Helpers */ = {
			isa = PBXGroup;
			children = (
				041CF95E2BBB047C003D2A58 /* MovieBanner.swift */,
				04E4A75F2BD0236400360C5F /* Episode.swift */,
				041CF9612BBB049A003D2A58 /* Season.swift */,
			);
			path = Helpers;
			sourceTree = "<group>";
		};
		04E4A7442BC45DF300360C5F /* MoviesSectionScene */ = {
			isa = PBXGroup;
			children = (
				04E4A7452BC45DF300360C5F /* MoviesSectionCellTableViewCell.swift */,
				04E4A7462BC45DF300360C5F /* MoviesSectionCellCollectionViewCell.swift */,
			);
			path = MoviesSectionScene;
			sourceTree = "<group>";
		};
		04E4A7532BCC466000360C5F /* OZPhotoGalleryView */ = {
			isa = PBXGroup;
			children = (
				04E4A7512BCC448200360C5F /* OZPhotoGalleryView.swift */,
				04E4A7542BCC466E00360C5F /* Cells */,
			);
			path = OZPhotoGalleryView;
			sourceTree = "<group>";
		};
		04E4A7542BCC466E00360C5F /* Cells */ = {
			isa = PBXGroup;
			children = (
				04E4A7552BCC468000360C5F /* OZPhotoGalleryViewCollectionViewCell.swift */,
			);
			path = Cells;
			sourceTree = "<group>";
		};
		6194E0F98BF4995D3FA49353 /* Frameworks */ = {
			isa = PBXGroup;
			children = (
				6569B92CA8997C23640B9014 /* Pods_ozinshe_demo_sanzhar.framework */,
			);
			name = Frameworks;
			sourceTree = "<group>";
		};
		F7C42A24DE7DDB949213309F /* Pods */ = {
			isa = PBXGroup;
			children = (
				252412E44665C50BD121891F /* Pods-ozinshe-demo-sanzhar.debug.xcconfig */,
				FFE6CDCB922B92FAB1CE46F9 /* Pods-ozinshe-demo-sanzhar.release.xcconfig */,
			);
			path = Pods;
			sourceTree = "<group>";
		};
/* End PBXGroup section */

/* Begin PBXNativeTarget section */
		041CF8772B8CB33F003D2A58 /* ozinshe-demo-sanzhar */ = {
			isa = PBXNativeTarget;
			buildConfigurationList = 041CF88C2B8CB340003D2A58 /* Build configuration list for PBXNativeTarget "ozinshe-demo-sanzhar" */;
			buildPhases = (
				387C1C3B9809D895996F0242 /* [CP] Check Pods Manifest.lock */,
				041CF8742B8CB33F003D2A58 /* Sources */,
				041CF8752B8CB33F003D2A58 /* Frameworks */,
				041CF8762B8CB33F003D2A58 /* Resources */,
				C253214300434E3CBB62951B /* [CP] Embed Pods Frameworks */,
			);
			buildRules = (
			);
			dependencies = (
			);
			name = "ozinshe-demo-sanzhar";
			productName = "ozinshe-demo-sanzhar";
			productReference = 041CF8782B8CB33F003D2A58 /* ozinshe-demo-sanzhar.app */;
			productType = "com.apple.product-type.application";
		};
/* End PBXNativeTarget section */

/* Begin PBXProject section */
		041CF8702B8CB33F003D2A58 /* Project object */ = {
			isa = PBXProject;
			attributes = {
				BuildIndependentTargetsInParallel = 1;
				LastSwiftUpdateCheck = 1520;
				LastUpgradeCheck = 1520;
				TargetAttributes = {
					041CF8772B8CB33F003D2A58 = {
						CreatedOnToolsVersion = 15.2;
					};
				};
			};
			buildConfigurationList = 041CF8732B8CB33F003D2A58 /* Build configuration list for PBXProject "ozinshe-demo-sanzhar" */;
			compatibilityVersion = "Xcode 14.0";
			developmentRegion = en;
			hasScannedForEncodings = 0;
			knownRegions = (
				en,
				Base,
				"kk-KZ",
				ru,
			);
			mainGroup = 041CF86F2B8CB33F003D2A58;
			productRefGroup = 041CF8792B8CB33F003D2A58 /* Products */;
			projectDirPath = "";
			projectRoot = "";
			targets = (
				041CF8772B8CB33F003D2A58 /* ozinshe-demo-sanzhar */,
			);
		};
/* End PBXProject section */

/* Begin PBXResourcesBuildPhase section */
		041CF8762B8CB33F003D2A58 /* Resources */ = {
			isa = PBXResourcesBuildPhase;
			buildActionMask = 2147483647;
			files = (
				04E4A75A2BCDADAD00360C5F /* LocalizableJSON.json in Resources */,
				041CF8882B8CB340003D2A58 /* LaunchScreen.storyboard in Resources */,
				041CF8852B8CB340003D2A58 /* Assets.xcassets in Resources */,
			);
			runOnlyForDeploymentPostprocessing = 0;
		};
/* End PBXResourcesBuildPhase section */

/* Begin PBXShellScriptBuildPhase section */
		387C1C3B9809D895996F0242 /* [CP] Check Pods Manifest.lock */ = {
			isa = PBXShellScriptBuildPhase;
			buildActionMask = 2147483647;
			files = (
			);
			inputFileListPaths = (
			);
			inputPaths = (
				"${PODS_PODFILE_DIR_PATH}/Podfile.lock",
				"${PODS_ROOT}/Manifest.lock",
			);
			name = "[CP] Check Pods Manifest.lock";
			outputFileListPaths = (
			);
			outputPaths = (
				"$(DERIVED_FILE_DIR)/Pods-ozinshe-demo-sanzhar-checkManifestLockResult.txt",
			);
			runOnlyForDeploymentPostprocessing = 0;
			shellPath = /bin/sh;
			shellScript = "diff \"${PODS_PODFILE_DIR_PATH}/Podfile.lock\" \"${PODS_ROOT}/Manifest.lock\" > /dev/null\nif [ $? != 0 ] ; then\n    # print error to STDERR\n    echo \"error: The sandbox is not in sync with the Podfile.lock. Run 'pod install' or update your CocoaPods installation.\" >&2\n    exit 1\nfi\n# This output is used by Xcode 'outputs' to avoid re-running this script phase.\necho \"SUCCESS\" > \"${SCRIPT_OUTPUT_FILE_0}\"\n";
			showEnvVarsInLog = 0;
		};
		C253214300434E3CBB62951B /* [CP] Embed Pods Frameworks */ = {
			isa = PBXShellScriptBuildPhase;
			buildActionMask = 2147483647;
			files = (
			);
			inputFileListPaths = (
				"${PODS_ROOT}/Target Support Files/Pods-ozinshe-demo-sanzhar/Pods-ozinshe-demo-sanzhar-frameworks-${CONFIGURATION}-input-files.xcfilelist",
			);
			name = "[CP] Embed Pods Frameworks";
			outputFileListPaths = (
				"${PODS_ROOT}/Target Support Files/Pods-ozinshe-demo-sanzhar/Pods-ozinshe-demo-sanzhar-frameworks-${CONFIGURATION}-output-files.xcfilelist",
			);
			runOnlyForDeploymentPostprocessing = 0;
			shellPath = /bin/sh;
			shellScript = "\"${PODS_ROOT}/Target Support Files/Pods-ozinshe-demo-sanzhar/Pods-ozinshe-demo-sanzhar-frameworks.sh\"\n";
			showEnvVarsInLog = 0;
		};
/* End PBXShellScriptBuildPhase section */

/* Begin PBXSourcesBuildPhase section */
		041CF8742B8CB33F003D2A58 /* Sources */ = {
			isa = PBXSourcesBuildPhase;
			buildActionMask = 2147483647;
			files = (
				04E4A7472BC45DF300360C5F /* MoviesSectionCellTableViewCell.swift in Sources */,
				041CF9292BB5D12F003D2A58 /* ProfileNavigationViewController.swift in Sources */,
				041CF8DD2BA1A698003D2A58 /* MovieBannerCollectionViewCell.swift in Sources */,
				041CF8EE2BA1E84A003D2A58 /* StaticData.swift in Sources */,
				041CF92E2BB6C6EB003D2A58 /* LeaveConfirmationViewController.swift in Sources */,
				041CF8BD2B9DD42E003D2A58 /* SignUpViewController.swift in Sources */,
				04E84F3D2BD1435F00F2401A /* InternetConnectionManager.swift in Sources */,
				041CF9442BB71E96003D2A58 /* FavoritesNavigationViewController.swift in Sources */,
				041CF8A42B8DF7B4003D2A58 /* Screen.swift in Sources */,
				041CF9092BA732FC003D2A58 /* SeasonCollectionViewCell.swift in Sources */,
				041CF92B2BB69E33003D2A58 /* OZExpandedView.swift in Sources */,
				041CF9252BB59059003D2A58 /* SelectionLanguageTableViewCell.swift in Sources */,
				0402B82E2BC1985500E1DB49 /* MovieCategory.swift in Sources */,
				041CF89D2B8DC0D9003D2A58 /* Style.swift in Sources */,
				041CF9162BB2B988003D2A58 /* ProfileSectionTableViewCell.swift in Sources */,
				041CF9312BB7014C003D2A58 /* ChangePasswordViewController.swift in Sources */,
				041CF9342BB70777003D2A58 /* TermsOfUseViewController.swift in Sources */,
				041CF8C72B9EFDB3003D2A58 /* MainTabBarController.swift in Sources */,
				041CF95F2BBB047C003D2A58 /* MovieBanner.swift in Sources */,
				041CF8D02B9EFE5B003D2A58 /* SearchViewController.swift in Sources */,
				041CF8AB2B8E1734003D2A58 /* OZPageControl.swift in Sources */,
				041CF8CE2B9EFE50003D2A58 /* HomeViewController.swift in Sources */,
				041CF94C2BBAF4E9003D2A58 /* CoreService.swift in Sources */,
				041CF9012BA3793E003D2A58 /* UILabel+Extension.swift in Sources */,
				041CF8B02B8E433C003D2A58 /* OZTextField.swift in Sources */,
				041CF8EC2BA1E447003D2A58 /* GenresAndAgesSectionTableViewCell.swift in Sources */,
				041CF90B2BA7331A003D2A58 /* SeriesTableViewCell.swift in Sources */,
				041CF8802B8CB33F003D2A58 /* CarouselViewController.swift in Sources */,
				041CF9402BB71E4F003D2A58 /* SearchNavigationViewController.swift in Sources */,
				041CF91C2BB580F1003D2A58 /* PersonalDataViewController.swift in Sources */,
				041CF94A2BBAE73B003D2A58 /* AuthService.swift in Sources */,
				04E4A7522BCC448200360C5F /* OZPhotoGalleryView.swift in Sources */,
				04E4A74A2BC991D900360C5F /* OZPhoneNumberTextField.swift in Sources */,
				04E4A7602BD0236400360C5F /* Episode.swift in Sources */,
				041CF9362BB7196A003D2A58 /* SignInNavigationViewController.swift in Sources */,
				041CF8E22BA1D210003D2A58 /* KeepWatchingTableViewCell.swift in Sources */,
				041CF8FB2BA30FCA003D2A58 /* MovieInfoViewController.swift in Sources */,
				041CF9042BA4A227003D2A58 /* ScreenshotCollectionViewCell.swift in Sources */,
				041CF8BB2B9DCD77003D2A58 /* UIButton+Extension.swift in Sources */,
				0402B8222BBF430100E1DB49 /* MoviePlayerViewController.swift in Sources */,
				0402B83C2BC44A8F00E1DB49 /* GradientView.swift in Sources */,
				041CF9482BBAE305003D2A58 /* Endponts.swift in Sources */,
				0402B81F2BBF36CF00E1DB49 /* Int+Extension.swift in Sources */,
				041CF9232BB58DB7003D2A58 /* SelectionLanguageViewController.swift in Sources */,
				041CF89A2B8DC0D1003D2A58 /* UIColor+Extension.swift in Sources */,
				04E84F3B2BD13AC900F2401A /* OZPoorNetworkView.swift in Sources */,
				041CF93E2BB71E33003D2A58 /* HomeNavigationViewController.swift in Sources */,
				041CF8A22B8DD2D9003D2A58 /* CarouselCell.swift in Sources */,
				0402B8352BC2E2C800E1DB49 /* ActivityItemSource.swift in Sources */,
				041CF8FD2BA32BB8003D2A58 /* UIView+Extension.swift in Sources */,
				041CF8EA2BA1E436003D2A58 /* GenresAndAgesCollectionViewCell.swift in Sources */,
				0402B8372BC2F9F500E1DB49 /* UserProfile.swift in Sources */,
				041CF9182BB3FD19003D2A58 /* ProfileHeaderView.swift in Sources */,
				041CF9272BB59FFA003D2A58 /* UIViewController+Extension.swift in Sources */,
				041CF87C2B8CB33F003D2A58 /* AppDelegate.swift in Sources */,
				041CF9072BA72FE0003D2A58 /* SeriesViewController.swift in Sources */,
				041CF9522BBB00CF003D2A58 /* Screenshot.swift in Sources */,
				041CF8A72B8E00F2003D2A58 /* OZButton.swift in Sources */,
				041CF8B22B9DA043003D2A58 /* OZTextFieldView.swift in Sources */,
				041CF9392BB71AE1003D2A58 /* Storage.swift in Sources */,
				041CF8E02BA1D201003D2A58 /* KeepWatchingCollectionViewCell.swift in Sources */,
				041CF94E2BBB0099003D2A58 /* MovieWithDetails.swift in Sources */,
				041CF8AE2B8E22B2003D2A58 /* SignInViewController.swift in Sources */,
				041CF9132BAABA31003D2A58 /* MovieTableViewCell.swift in Sources */,
				04E4A7562BCC468000360C5F /* OZPhotoGalleryViewCollectionViewCell.swift in Sources */,
				0402B8252BBF4FC300E1DB49 /* UIImage+Extension.swift in Sources */,
				041CF8D92BA168BF003D2A58 /* HeaderTableViewCell.swift in Sources */,
				04E4A7482BC45DF300360C5F /* MoviesSectionCellCollectionViewCell.swift in Sources */,
				0402B82C2BC0065700E1DB49 /* Float+Extension.swift in Sources */,
				04E4A74E2BCA757200360C5F /* String+Extension.swift in Sources */,
				041CF9542BBB00E7003D2A58 /* ContentCategory.swift in Sources */,
				041CF8B92B9DB312003D2A58 /* Logger.swift in Sources */,
				041CF90D2BAAA9F3003D2A58 /* ContentCategoryCollectionViewCell.swift in Sources */,
				041CF8B72B9DB2BA003D2A58 /* Date+Extentsion.swift in Sources */,
				041CF9622BBB049A003D2A58 /* Season.swift in Sources */,
				0402B8302BC19C8900E1DB49 /* LeftAlignedCollectionViewFlowLayout.swift in Sources */,
				041CF8D42B9EFE86003D2A58 /* ProfileViewController.swift in Sources */,
				041CF8D22B9EFE78003D2A58 /* FavoritesViewController.swift in Sources */,
				041CF9112BAAB9A0003D2A58 /* MovieListViewController.swift in Sources */,
				041CF95C2BBB0464003D2A58 /* MoviesSection.swift in Sources */,
				041CF87E2B8CB33F003D2A58 /* SceneDelegate.swift in Sources */,
				04E4A7582BCDA20D00360C5F /* LanguageManager.swift in Sources */,
			);
			runOnlyForDeploymentPostprocessing = 0;
		};
/* End PBXSourcesBuildPhase section */

/* Begin PBXVariantGroup section */
		041CF8862B8CB340003D2A58 /* LaunchScreen.storyboard */ = {
			isa = PBXVariantGroup;
			children = (
				041CF8872B8CB340003D2A58 /* Base */,
			);
			name = LaunchScreen.storyboard;
			sourceTree = "<group>";
		};
/* End PBXVariantGroup section */

/* Begin XCBuildConfiguration section */
		041CF88A2B8CB340003D2A58 /* Debug */ = {
			isa = XCBuildConfiguration;
			buildSettings = {
				ALWAYS_SEARCH_USER_PATHS = NO;
				ASSETCATALOG_COMPILER_GENERATE_SWIFT_ASSET_SYMBOL_EXTENSIONS = YES;
				CLANG_ANALYZER_NONNULL = YES;
				CLANG_ANALYZER_NUMBER_OBJECT_CONVERSION = YES_AGGRESSIVE;
				CLANG_CXX_LANGUAGE_STANDARD = "gnu++20";
				CLANG_ENABLE_MODULES = YES;
				CLANG_ENABLE_OBJC_ARC = YES;
				CLANG_ENABLE_OBJC_WEAK = YES;
				CLANG_WARN_BLOCK_CAPTURE_AUTORELEASING = YES;
				CLANG_WARN_BOOL_CONVERSION = YES;
				CLANG_WARN_COMMA = YES;
				CLANG_WARN_CONSTANT_CONVERSION = YES;
				CLANG_WARN_DEPRECATED_OBJC_IMPLEMENTATIONS = YES;
				CLANG_WARN_DIRECT_OBJC_ISA_USAGE = YES_ERROR;
				CLANG_WARN_DOCUMENTATION_COMMENTS = YES;
				CLANG_WARN_EMPTY_BODY = YES;
				CLANG_WARN_ENUM_CONVERSION = YES;
				CLANG_WARN_INFINITE_RECURSION = YES;
				CLANG_WARN_INT_CONVERSION = YES;
				CLANG_WARN_NON_LITERAL_NULL_CONVERSION = YES;
				CLANG_WARN_OBJC_IMPLICIT_RETAIN_SELF = YES;
				CLANG_WARN_OBJC_LITERAL_CONVERSION = YES;
				CLANG_WARN_OBJC_ROOT_CLASS = YES_ERROR;
				CLANG_WARN_QUOTED_INCLUDE_IN_FRAMEWORK_HEADER = YES;
				CLANG_WARN_RANGE_LOOP_ANALYSIS = YES;
				CLANG_WARN_STRICT_PROTOTYPES = YES;
				CLANG_WARN_SUSPICIOUS_MOVE = YES;
				CLANG_WARN_UNGUARDED_AVAILABILITY = YES_AGGRESSIVE;
				CLANG_WARN_UNREACHABLE_CODE = YES;
				CLANG_WARN__DUPLICATE_METHOD_MATCH = YES;
				COPY_PHASE_STRIP = NO;
				DEBUG_INFORMATION_FORMAT = dwarf;
				ENABLE_STRICT_OBJC_MSGSEND = YES;
				ENABLE_TESTABILITY = YES;
				ENABLE_USER_SCRIPT_SANDBOXING = YES;
				GCC_C_LANGUAGE_STANDARD = gnu17;
				GCC_DYNAMIC_NO_PIC = NO;
				GCC_NO_COMMON_BLOCKS = YES;
				GCC_OPTIMIZATION_LEVEL = 0;
				GCC_PREPROCESSOR_DEFINITIONS = (
					"DEBUG=1",
					"$(inherited)",
				);
				GCC_WARN_64_TO_32_BIT_CONVERSION = YES;
				GCC_WARN_ABOUT_RETURN_TYPE = YES_ERROR;
				GCC_WARN_UNDECLARED_SELECTOR = YES;
				GCC_WARN_UNINITIALIZED_AUTOS = YES_AGGRESSIVE;
				GCC_WARN_UNUSED_FUNCTION = YES;
				GCC_WARN_UNUSED_VARIABLE = YES;
				IPHONEOS_DEPLOYMENT_TARGET = 17.2;
				LOCALIZATION_PREFERS_STRING_CATALOGS = YES;
				MTL_ENABLE_DEBUG_INFO = INCLUDE_SOURCE;
				MTL_FAST_MATH = YES;
				ONLY_ACTIVE_ARCH = YES;
				SDKROOT = iphoneos;
				SWIFT_ACTIVE_COMPILATION_CONDITIONS = "DEBUG $(inherited)";
				SWIFT_OPTIMIZATION_LEVEL = "-Onone";
			};
			name = Debug;
		};
		041CF88B2B8CB340003D2A58 /* Release */ = {
			isa = XCBuildConfiguration;
			buildSettings = {
				ALWAYS_SEARCH_USER_PATHS = NO;
				ASSETCATALOG_COMPILER_GENERATE_SWIFT_ASSET_SYMBOL_EXTENSIONS = YES;
				CLANG_ANALYZER_NONNULL = YES;
				CLANG_ANALYZER_NUMBER_OBJECT_CONVERSION = YES_AGGRESSIVE;
				CLANG_CXX_LANGUAGE_STANDARD = "gnu++20";
				CLANG_ENABLE_MODULES = YES;
				CLANG_ENABLE_OBJC_ARC = YES;
				CLANG_ENABLE_OBJC_WEAK = YES;
				CLANG_WARN_BLOCK_CAPTURE_AUTORELEASING = YES;
				CLANG_WARN_BOOL_CONVERSION = YES;
				CLANG_WARN_COMMA = YES;
				CLANG_WARN_CONSTANT_CONVERSION = YES;
				CLANG_WARN_DEPRECATED_OBJC_IMPLEMENTATIONS = YES;
				CLANG_WARN_DIRECT_OBJC_ISA_USAGE = YES_ERROR;
				CLANG_WARN_DOCUMENTATION_COMMENTS = YES;
				CLANG_WARN_EMPTY_BODY = YES;
				CLANG_WARN_ENUM_CONVERSION = YES;
				CLANG_WARN_INFINITE_RECURSION = YES;
				CLANG_WARN_INT_CONVERSION = YES;
				CLANG_WARN_NON_LITERAL_NULL_CONVERSION = YES;
				CLANG_WARN_OBJC_IMPLICIT_RETAIN_SELF = YES;
				CLANG_WARN_OBJC_LITERAL_CONVERSION = YES;
				CLANG_WARN_OBJC_ROOT_CLASS = YES_ERROR;
				CLANG_WARN_QUOTED_INCLUDE_IN_FRAMEWORK_HEADER = YES;
				CLANG_WARN_RANGE_LOOP_ANALYSIS = YES;
				CLANG_WARN_STRICT_PROTOTYPES = YES;
				CLANG_WARN_SUSPICIOUS_MOVE = YES;
				CLANG_WARN_UNGUARDED_AVAILABILITY = YES_AGGRESSIVE;
				CLANG_WARN_UNREACHABLE_CODE = YES;
				CLANG_WARN__DUPLICATE_METHOD_MATCH = YES;
				COPY_PHASE_STRIP = NO;
				DEBUG_INFORMATION_FORMAT = "dwarf-with-dsym";
				ENABLE_NS_ASSERTIONS = NO;
				ENABLE_STRICT_OBJC_MSGSEND = YES;
				ENABLE_USER_SCRIPT_SANDBOXING = YES;
				GCC_C_LANGUAGE_STANDARD = gnu17;
				GCC_NO_COMMON_BLOCKS = YES;
				GCC_WARN_64_TO_32_BIT_CONVERSION = YES;
				GCC_WARN_ABOUT_RETURN_TYPE = YES_ERROR;
				GCC_WARN_UNDECLARED_SELECTOR = YES;
				GCC_WARN_UNINITIALIZED_AUTOS = YES_AGGRESSIVE;
				GCC_WARN_UNUSED_FUNCTION = YES;
				GCC_WARN_UNUSED_VARIABLE = YES;
				IPHONEOS_DEPLOYMENT_TARGET = 17.2;
				LOCALIZATION_PREFERS_STRING_CATALOGS = YES;
				MTL_ENABLE_DEBUG_INFO = NO;
				MTL_FAST_MATH = YES;
				SDKROOT = iphoneos;
				SWIFT_COMPILATION_MODE = wholemodule;
				VALIDATE_PRODUCT = YES;
			};
			name = Release;
		};
		041CF88D2B8CB340003D2A58 /* Debug */ = {
			isa = XCBuildConfiguration;
			baseConfigurationReference = 252412E44665C50BD121891F /* Pods-ozinshe-demo-sanzhar.debug.xcconfig */;
			buildSettings = {
				ASSETCATALOG_COMPILER_APPICON_NAME = AppIcon;
				ASSETCATALOG_COMPILER_GLOBAL_ACCENT_COLOR_NAME = AccentColor;
				CODE_SIGN_STYLE = Automatic;
				CURRENT_PROJECT_VERSION = 1;
				DEVELOPMENT_TEAM = N53NK75LZU;
				ENABLE_USER_SCRIPT_SANDBOXING = NO;
				GENERATE_INFOPLIST_FILE = YES;
				INFOPLIST_FILE = "ozinshe-demo-sanzhar/Info.plist";
				INFOPLIST_KEY_CFBundleDisplayName = "ÖZINŞE";
				INFOPLIST_KEY_UIApplicationSupportsIndirectInputEvents = YES;
				INFOPLIST_KEY_UILaunchStoryboardName = LaunchScreen;
				INFOPLIST_KEY_UISupportedInterfaceOrientations_iPad = "UIInterfaceOrientationPortrait UIInterfaceOrientationPortraitUpsideDown UIInterfaceOrientationLandscapeLeft UIInterfaceOrientationLandscapeRight";
				INFOPLIST_KEY_UISupportedInterfaceOrientations_iPhone = "UIInterfaceOrientationPortrait UIInterfaceOrientationLandscapeLeft UIInterfaceOrientationLandscapeRight";
				IPHONEOS_DEPLOYMENT_TARGET = 13.0;
				LD_RUNPATH_SEARCH_PATHS = (
					"$(inherited)",
					"@executable_path/Frameworks",
				);
				MARKETING_VERSION = 1.0;
				PRODUCT_BUNDLE_IDENTIFIER = "com.ayu.ozinshe-demo-sanzhar";
				PRODUCT_NAME = "$(TARGET_NAME)";
				SWIFT_EMIT_LOC_STRINGS = YES;
				SWIFT_VERSION = 5.0;
				TARGETED_DEVICE_FAMILY = "1,2";
			};
			name = Debug;
		};
		041CF88E2B8CB340003D2A58 /* Release */ = {
			isa = XCBuildConfiguration;
			baseConfigurationReference = FFE6CDCB922B92FAB1CE46F9 /* Pods-ozinshe-demo-sanzhar.release.xcconfig */;
			buildSettings = {
				ASSETCATALOG_COMPILER_APPICON_NAME = AppIcon;
				ASSETCATALOG_COMPILER_GLOBAL_ACCENT_COLOR_NAME = AccentColor;
				CODE_SIGN_STYLE = Automatic;
				CURRENT_PROJECT_VERSION = 1;
				DEVELOPMENT_TEAM = N53NK75LZU;
				ENABLE_USER_SCRIPT_SANDBOXING = NO;
				GENERATE_INFOPLIST_FILE = YES;
				INFOPLIST_FILE = "ozinshe-demo-sanzhar/Info.plist";
				INFOPLIST_KEY_CFBundleDisplayName = "ÖZINŞE";
				INFOPLIST_KEY_UIApplicationSupportsIndirectInputEvents = YES;
				INFOPLIST_KEY_UILaunchStoryboardName = LaunchScreen;
				INFOPLIST_KEY_UISupportedInterfaceOrientations_iPad = "UIInterfaceOrientationPortrait UIInterfaceOrientationPortraitUpsideDown UIInterfaceOrientationLandscapeLeft UIInterfaceOrientationLandscapeRight";
				INFOPLIST_KEY_UISupportedInterfaceOrientations_iPhone = "UIInterfaceOrientationPortrait UIInterfaceOrientationLandscapeLeft UIInterfaceOrientationLandscapeRight";
				IPHONEOS_DEPLOYMENT_TARGET = 13.0;
				LD_RUNPATH_SEARCH_PATHS = (
					"$(inherited)",
					"@executable_path/Frameworks",
				);
				MARKETING_VERSION = 1.0;
				PRODUCT_BUNDLE_IDENTIFIER = "com.ayu.ozinshe-demo-sanzhar";
				PRODUCT_NAME = "$(TARGET_NAME)";
				SWIFT_EMIT_LOC_STRINGS = YES;
				SWIFT_VERSION = 5.0;
				TARGETED_DEVICE_FAMILY = "1,2";
			};
			name = Release;
		};
/* End XCBuildConfiguration section */

/* Begin XCConfigurationList section */
		041CF8732B8CB33F003D2A58 /* Build configuration list for PBXProject "ozinshe-demo-sanzhar" */ = {
			isa = XCConfigurationList;
			buildConfigurations = (
				041CF88A2B8CB340003D2A58 /* Debug */,
				041CF88B2B8CB340003D2A58 /* Release */,
			);
			defaultConfigurationIsVisible = 0;
			defaultConfigurationName = Release;
		};
		041CF88C2B8CB340003D2A58 /* Build configuration list for PBXNativeTarget "ozinshe-demo-sanzhar" */ = {
			isa = XCConfigurationList;
			buildConfigurations = (
				041CF88D2B8CB340003D2A58 /* Debug */,
				041CF88E2B8CB340003D2A58 /* Release */,
			);
			defaultConfigurationIsVisible = 0;
			defaultConfigurationName = Release;
		};
/* End XCConfigurationList section */
	};
	rootObject = 041CF8702B8CB33F003D2A58 /* Project object */;
}
